// !$*UTF8*$!
{
	archiveVersion = 1;
	classes = {
	};
	objectVersion = 46;
	objects = {

/* Begin PBXBuildFile section */
		01CDCC6519B36CA10001CE60 /* Foundation.framework in Frameworks */ = {isa = PBXBuildFile; fileRef = 01CDCC6419B36CA10001CE60 /* Foundation.framework */; };
		01CDCC6719B36CA10001CE60 /* CoreGraphics.framework in Frameworks */ = {isa = PBXBuildFile; fileRef = 01CDCC6619B36CA10001CE60 /* CoreGraphics.framework */; };
		01CDCC6919B36CA10001CE60 /* UIKit.framework in Frameworks */ = {isa = PBXBuildFile; fileRef = 01CDCC6819B36CA10001CE60 /* UIKit.framework */; };
		01CDCC6F19B36CA10001CE60 /* InfoPlist.strings in Resources */ = {isa = PBXBuildFile; fileRef = 01CDCC6D19B36CA10001CE60 /* InfoPlist.strings */; };
		01CDCC7119B36CA10001CE60 /* main.m in Sources */ = {isa = PBXBuildFile; fileRef = 01CDCC7019B36CA10001CE60 /* main.m */; };
		01CDCC7519B36CA10001CE60 /* BandeiraAppDelegate.m in Sources */ = {isa = PBXBuildFile; fileRef = 01CDCC7419B36CA10001CE60 /* BandeiraAppDelegate.m */; };
		01CDCC7819B36CA10001CE60 /* Main_iPhone.storyboard in Resources */ = {isa = PBXBuildFile; fileRef = 01CDCC7619B36CA10001CE60 /* Main_iPhone.storyboard */; };
		01CDCC7B19B36CA10001CE60 /* Main_iPad.storyboard in Resources */ = {isa = PBXBuildFile; fileRef = 01CDCC7919B36CA10001CE60 /* Main_iPad.storyboard */; };
		01CDCC7E19B36CA10001CE60 /* BandeiraViewController.m in Sources */ = {isa = PBXBuildFile; fileRef = 01CDCC7D19B36CA10001CE60 /* BandeiraViewController.m */; };
		01CDCC8019B36CA10001CE60 /* Images.xcassets in Resources */ = {isa = PBXBuildFile; fileRef = 01CDCC7F19B36CA10001CE60 /* Images.xcassets */; };
		01CDCC8719B36CA20001CE60 /* XCTest.framework in Frameworks */ = {isa = PBXBuildFile; fileRef = 01CDCC8619B36CA20001CE60 /* XCTest.framework */; };
		01CDCC8819B36CA20001CE60 /* Foundation.framework in Frameworks */ = {isa = PBXBuildFile; fileRef = 01CDCC6419B36CA10001CE60 /* Foundation.framework */; };
		01CDCC8919B36CA20001CE60 /* UIKit.framework in Frameworks */ = {isa = PBXBuildFile; fileRef = 01CDCC6819B36CA10001CE60 /* UIKit.framework */; };
		01CDCC9119B36CA20001CE60 /* InfoPlist.strings in Resources */ = {isa = PBXBuildFile; fileRef = 01CDCC8F19B36CA20001CE60 /* InfoPlist.strings */; };
		01CDCC9319B36CA20001CE60 /* iSchoolChapter1Tests.m in Sources */ = {isa = PBXBuildFile; fileRef = 01CDCC9219B36CA20001CE60 /* iSchoolChapter1Tests.m */; };
/* End PBXBuildFile section */

/* Begin PBXContainerItemProxy section */
		01CDCC8A19B36CA20001CE60 /* PBXContainerItemProxy */ = {
			isa = PBXContainerItemProxy;
			containerPortal = 01CDCC5919B36CA10001CE60 /* Project object */;
			proxyType = 1;
			remoteGlobalIDString = 01CDCC6019B36CA10001CE60;
			remoteInfo = iSchoolChapter1;
		};
/* End PBXContainerItemProxy section */

/* Begin PBXFileReference section */
		01CDCC6119B36CA10001CE60 /* iSchoolChapter1.app */ = {isa = PBXFileReference; explicitFileType = wrapper.application; includeInIndex = 0; path = iSchoolChapter1.app; sourceTree = BUILT_PRODUCTS_DIR; };
		01CDCC6419B36CA10001CE60 /* Foundation.framework */ = {isa = PBXFileReference; lastKnownFileType = wrapper.framework; name = Foundation.framework; path = System/Library/Frameworks/Foundation.framework; sourceTree = SDKROOT; };
		01CDCC6619B36CA10001CE60 /* CoreGraphics.framework */ = {isa = PBXFileReference; lastKnownFileType = wrapper.framework; name = CoreGraphics.framework; path = System/Library/Frameworks/CoreGraphics.framework; sourceTree = SDKROOT; };
		01CDCC6819B36CA10001CE60 /* UIKit.framework */ = {isa = PBXFileReference; lastKnownFileType = wrapper.framework; name = UIKit.framework; path = System/Library/Frameworks/UIKit.framework; sourceTree = SDKROOT; };
		01CDCC6C19B36CA10001CE60 /* iSchoolChapter1-Info.plist */ = {isa = PBXFileReference; lastKnownFileType = text.plist.xml; path = "iSchoolChapter1-Info.plist"; sourceTree = "<group>"; };
		01CDCC6E19B36CA10001CE60 /* en */ = {isa = PBXFileReference; lastKnownFileType = text.plist.strings; name = en; path = en.lproj/InfoPlist.strings; sourceTree = "<group>"; };
		01CDCC7019B36CA10001CE60 /* main.m */ = {isa = PBXFileReference; lastKnownFileType = sourcecode.c.objc; path = main.m; sourceTree = "<group>"; };
		01CDCC7219B36CA10001CE60 /* iSchoolChapter1-Prefix.pch */ = {isa = PBXFileReference; lastKnownFileType = sourcecode.c.h; path = "iSchoolChapter1-Prefix.pch"; sourceTree = "<group>"; };
		01CDCC7319B36CA10001CE60 /* BandeiraAppDelegate.h */ = {isa = PBXFileReference; lastKnownFileType = sourcecode.c.h; path = BandeiraAppDelegate.h; sourceTree = "<group>"; };
		01CDCC7419B36CA10001CE60 /* BandeiraAppDelegate.m */ = {isa = PBXFileReference; lastKnownFileType = sourcecode.c.objc; path = BandeiraAppDelegate.m; sourceTree = "<group>"; };
		01CDCC7719B36CA10001CE60 /* Base */ = {isa = PBXFileReference; lastKnownFileType = file.storyboard; name = Base; path = Base.lproj/Main_iPhone.storyboard; sourceTree = "<group>"; };
		01CDCC7A19B36CA10001CE60 /* Base */ = {isa = PBXFileReference; lastKnownFileType = file.storyboard; name = Base; path = Base.lproj/Main_iPad.storyboard; sourceTree = "<group>"; };
		01CDCC7C19B36CA10001CE60 /* BandeiraViewController.h */ = {isa = PBXFileReference; lastKnownFileType = sourcecode.c.h; path = BandeiraViewController.h; sourceTree = "<group>"; };
		01CDCC7D19B36CA10001CE60 /* BandeiraViewController.m */ = {isa = PBXFileReference; lastKnownFileType = sourcecode.c.objc; path = BandeiraViewController.m; sourceTree = "<group>"; };
		01CDCC7F19B36CA10001CE60 /* Images.xcassets */ = {isa = PBXFileReference; lastKnownFileType = folder.assetcatalog; path = Images.xcassets; sourceTree = "<group>"; };
		01CDCC8519B36CA20001CE60 /* iSchoolChapter1Tests.xctest */ = {isa = PBXFileReference; explicitFileType = wrapper.cfbundle; includeInIndex = 0; path = iSchoolChapter1Tests.xctest; sourceTree = BUILT_PRODUCTS_DIR; };
		01CDCC8619B36CA20001CE60 /* XCTest.framework */ = {isa = PBXFileReference; lastKnownFileType = wrapper.framework; name = XCTest.framework; path = Library/Frameworks/XCTest.framework; sourceTree = DEVELOPER_DIR; };
		01CDCC8E19B36CA20001CE60 /* iSchoolChapter1Tests-Info.plist */ = {isa = PBXFileReference; lastKnownFileType = text.plist.xml; path = "iSchoolChapter1Tests-Info.plist"; sourceTree = "<group>"; };
		01CDCC9019B36CA20001CE60 /* en */ = {isa = PBXFileReference; lastKnownFileType = text.plist.strings; name = en; path = en.lproj/InfoPlist.strings; sourceTree = "<group>"; };
		01CDCC9219B36CA20001CE60 /* iSchoolChapter1Tests.m */ = {isa = PBXFileReference; lastKnownFileType = sourcecode.c.objc; path = iSchoolChapter1Tests.m; sourceTree = "<group>"; };
/* End PBXFileReference section */

/* Begin PBXFrameworksBuildPhase section */
		01CDCC5E19B36CA10001CE60 /* Frameworks */ = {
			isa = PBXFrameworksBuildPhase;
			buildActionMask = 2147483647;
			files = (
				01CDCC6719B36CA10001CE60 /* CoreGraphics.framework in Frameworks */,
				01CDCC6919B36CA10001CE60 /* UIKit.framework in Frameworks */,
				01CDCC6519B36CA10001CE60 /* Foundation.framework in Frameworks */,
			);
			runOnlyForDeploymentPostprocessing = 0;
		};
		01CDCC8219B36CA20001CE60 /* Frameworks */ = {
			isa = PBXFrameworksBuildPhase;
			buildActionMask = 2147483647;
			files = (
				01CDCC8719B36CA20001CE60 /* XCTest.framework in Frameworks */,
				01CDCC8919B36CA20001CE60 /* UIKit.framework in Frameworks */,
				01CDCC8819B36CA20001CE60 /* Foundation.framework in Frameworks */,
			);
			runOnlyForDeploymentPostprocessing = 0;
		};
/* End PBXFrameworksBuildPhase section */

/* Begin PBXGroup section */
		01CDCC5819B36CA10001CE60 = {
			isa = PBXGroup;
			children = (
				01CDCC6A19B36CA10001CE60 /* iSchoolChapter1 */,
				01CDCC8C19B36CA20001CE60 /* iSchoolChapter1Tests */,
				01CDCC6319B36CA10001CE60 /* Frameworks */,
				01CDCC6219B36CA10001CE60 /* Products */,
			);
			sourceTree = "<group>";
		};
		01CDCC6219B36CA10001CE60 /* Products */ = {
			isa = PBXGroup;
			children = (
				01CDCC6119B36CA10001CE60 /* iSchoolChapter1.app */,
				01CDCC8519B36CA20001CE60 /* iSchoolChapter1Tests.xctest */,
			);
			name = Products;
			sourceTree = "<group>";
		};
		01CDCC6319B36CA10001CE60 /* Frameworks */ = {
			isa = PBXGroup;
			children = (
				01CDCC6419B36CA10001CE60 /* Foundation.framework */,
				01CDCC6619B36CA10001CE60 /* CoreGraphics.framework */,
				01CDCC6819B36CA10001CE60 /* UIKit.framework */,
				01CDCC8619B36CA20001CE60 /* XCTest.framework */,
			);
			name = Frameworks;
			sourceTree = "<group>";
		};
		01CDCC6A19B36CA10001CE60 /* iSchoolChapter1 */ = {
			isa = PBXGroup;
			children = (
				01CDCC7319B36CA10001CE60 /* BandeiraAppDelegate.h */,
				01CDCC7419B36CA10001CE60 /* BandeiraAppDelegate.m */,
				01CDCC7619B36CA10001CE60 /* Main_iPhone.storyboard */,
				01CDCC7919B36CA10001CE60 /* Main_iPad.storyboard */,
				01CDCC7C19B36CA10001CE60 /* BandeiraViewController.h */,
				01CDCC7D19B36CA10001CE60 /* BandeiraViewController.m */,
				01CDCC7F19B36CA10001CE60 /* Images.xcassets */,
				01CDCC6B19B36CA10001CE60 /* Supporting Files */,
			);
			path = iSchoolChapter1;
			sourceTree = "<group>";
		};
		01CDCC6B19B36CA10001CE60 /* Supporting Files */ = {
			isa = PBXGroup;
			children = (
				01CDCC6C19B36CA10001CE60 /* iSchoolChapter1-Info.plist */,
				01CDCC6D19B36CA10001CE60 /* InfoPlist.strings */,
				01CDCC7019B36CA10001CE60 /* main.m */,
				01CDCC7219B36CA10001CE60 /* iSchoolChapter1-Prefix.pch */,
			);
			name = "Supporting Files";
			sourceTree = "<group>";
		};
		01CDCC8C19B36CA20001CE60 /* iSchoolChapter1Tests */ = {
			isa = PBXGroup;
			children = (
				01CDCC9219B36CA20001CE60 /* iSchoolChapter1Tests.m */,
				01CDCC8D19B36CA20001CE60 /* Supporting Files */,
			);
			path = iSchoolChapter1Tests;
			sourceTree = "<group>";
		};
		01CDCC8D19B36CA20001CE60 /* Supporting Files */ = {
			isa = PBXGroup;
			children = (
				01CDCC8E19B36CA20001CE60 /* iSchoolChapter1Tests-Info.plist */,
				01CDCC8F19B36CA20001CE60 /* InfoPlist.strings */,
			);
			name = "Supporting Files";
			sourceTree = "<group>";
		};
/* End PBXGroup section */

/* Begin PBXNativeTarget section */
		01CDCC6019B36CA10001CE60 /* iSchoolChapter1 */ = {
			isa = PBXNativeTarget;
			buildConfigurationList = 01CDCC9619B36CA20001CE60 /* Build configuration list for PBXNativeTarget "iSchoolChapter1" */;
			buildPhases = (
				01CDCC5D19B36CA10001CE60 /* Sources */,
				01CDCC5E19B36CA10001CE60 /* Frameworks */,
				01CDCC5F19B36CA10001CE60 /* Resources */,
			);
			buildRules = (
			);
			dependencies = (
			);
			name = iSchoolChapter1;
			productName = iSchoolChapter1;
			productReference = 01CDCC6119B36CA10001CE60 /* iSchoolChapter1.app */;
			productType = "com.apple.product-type.application";
		};
		01CDCC8419B36CA20001CE60 /* iSchoolChapter1Tests */ = {
			isa = PBXNativeTarget;
			buildConfigurationList = 01CDCC9919B36CA20001CE60 /* Build configuration list for PBXNativeTarget "iSchoolChapter1Tests" */;
			buildPhases = (
				01CDCC8119B36CA20001CE60 /* Sources */,
				01CDCC8219B36CA20001CE60 /* Frameworks */,
				01CDCC8319B36CA20001CE60 /* Resources */,
			);
			buildRules = (
			);
			dependencies = (
				01CDCC8B19B36CA20001CE60 /* PBXTargetDependency */,
			);
			name = iSchoolChapter1Tests;
			productName = iSchoolChapter1Tests;
			productReference = 01CDCC8519B36CA20001CE60 /* iSchoolChapter1Tests.xctest */;
			productType = "com.apple.product-type.bundle.unit-test";
		};
/* End PBXNativeTarget section */

/* Begin PBXProject section */
		01CDCC5919B36CA10001CE60 /* Project object */ = {
			isa = PBXProject;
			attributes = {
				CLASSPREFIX = Bandeira;
				LastUpgradeCheck = 0510;
				ORGANIZATIONNAME = "Bernardo Breder";
				TargetAttributes = {
					01CDCC8419B36CA20001CE60 = {
						TestTargetID = 01CDCC6019B36CA10001CE60;
					};
				};
			};
			buildConfigurationList = 01CDCC5C19B36CA10001CE60 /* Build configuration list for PBXProject "iSchoolChapter1" */;
			compatibilityVersion = "Xcode 3.2";
			developmentRegion = English;
			hasScannedForEncodings = 0;
			knownRegions = (
				en,
				Base,
			);
			mainGroup = 01CDCC5819B36CA10001CE60;
			productRefGroup = 01CDCC6219B36CA10001CE60 /* Products */;
			projectDirPath = "";
			projectRoot = "";
			targets = (
				01CDCC6019B36CA10001CE60 /* iSchoolChapter1 */,
				01CDCC8419B36CA20001CE60 /* iSchoolChapter1Tests */,
			);
		};
/* End PBXProject section */

/* Begin PBXResourcesBuildPhase section */
		01CDCC5F19B36CA10001CE60 /* Resources */ = {
			isa = PBXResourcesBuildPhase;
			buildActionMask = 2147483647;
			files = (
				01CDCC7B19B36CA10001CE60 /* Main_iPad.storyboard in Resources */,
				01CDCC8019B36CA10001CE60 /* Images.xcassets in Resources */,
				01CDCC7819B36CA10001CE60 /* Main_iPhone.storyboard in Resources */,
				01CDCC6F19B36CA10001CE60 /* InfoPlist.strings in Resources */,
			);
			runOnlyForDeploymentPostprocessing = 0;
		};
		01CDCC8319B36CA20001CE60 /* Resources */ = {
			isa = PBXResourcesBuildPhase;
			buildActionMask = 2147483647;
			files = (
				01CDCC9119B36CA20001CE60 /* InfoPlist.strings in Resources */,
			);
			runOnlyForDeploymentPostprocessing = 0;
		};
/* End PBXResourcesBuildPhase section */

/* Begin PBXSourcesBuildPhase section */
		01CDCC5D19B36CA10001CE60 /* Sources */ = {
			isa = PBXSourcesBuildPhase;
			buildActionMask = 2147483647;
			files = (
				01CDCC7519B36CA10001CE60 /* BandeiraAppDelegate.m in Sources */,
				01CDCC7E19B36CA10001CE60 /* BandeiraViewController.m in Sources */,
				01CDCC7119B36CA10001CE60 /* main.m in Sources */,
			);
			runOnlyForDeploymentPostprocessing = 0;
		};
		01CDCC8119B36CA20001CE60 /* Sources */ = {
			isa = PBXSourcesBuildPhase;
			buildActionMask = 2147483647;
			files = (
				01CDCC9319B36CA20001CE60 /* iSchoolChapter1Tests.m in Sources */,
			);
			runOnlyForDeploymentPostprocessing = 0;
		};
/* End PBXSourcesBuildPhase section */

/* Begin PBXTargetDependency section */
		01CDCC8B19B36CA20001CE60 /* PBXTargetDependency */ = {
			isa = PBXTargetDependency;
			target = 01CDCC6019B36CA10001CE60 /* iSchoolChapter1 */;
			targetProxy = 01CDCC8A19B36CA20001CE60 /* PBXContainerItemProxy */;
		};
/* End PBXTargetDependency section */

/* Begin PBXVariantGroup section */
		01CDCC6D19B36CA10001CE60 /* InfoPlist.strings */ = {
			isa = PBXVariantGroup;
			children = (
				01CDCC6E19B36CA10001CE60 /* en */,
			);
			name = InfoPlist.strings;
			sourceTree = "<group>";
		};
		01CDCC7619B36CA10001CE60 /* Main_iPhone.storyboard */ = {
			isa = PBXVariantGroup;
			children = (
				01CDCC7719B36CA10001CE60 /* Base */,
			);
			name = Main_iPhone.storyboard;
			sourceTree = "<group>";
		};
		01CDCC7919B36CA10001CE60 /* Main_iPad.storyboard */ = {
			isa = PBXVariantGroup;
			children = (
				01CDCC7A19B36CA10001CE60 /* Base */,
			);
			name = Main_iPad.storyboard;
			sourceTree = "<group>";
		};
		01CDCC8F19B36CA20001CE60 /* InfoPlist.strings */ = {
			isa = PBXVariantGroup;
			children = (
				01CDCC9019B36CA20001CE60 /* en */,
			);
			name = InfoPlist.strings;
			sourceTree = "<group>";
		};
/* End PBXVariantGroup section */

/* Begin XCBuildConfiguration section */
		01CDCC9419B36CA20001CE60 /* Debug */ = {
			isa = XCBuildConfiguration;
			buildSettings = {
				ALWAYS_SEARCH_USER_PATHS = NO;
				CLANG_CXX_LANGUAGE_STANDARD = "gnu++0x";
				CLANG_CXX_LIBRARY = "libc++";
				CLANG_ENABLE_MODULES = YES;
				CLANG_ENABLE_OBJC_ARC = YES;
				CLANG_WARN_BOOL_CONVERSION = YES;
				CLANG_WARN_CONSTANT_CONVERSION = YES;
				CLANG_WARN_DIRECT_OBJC_ISA_USAGE = YES_ERROR;
				CLANG_WARN_EMPTY_BODY = YES;
				CLANG_WARN_ENUM_CONVERSION = YES;
				CLANG_WARN_INT_CONVERSION = YES;
				CLANG_WARN_OBJC_ROOT_CLASS = YES_ERROR;
				CLANG_WARN__DUPLICATE_METHOD_MATCH = YES;
				"CODE_SIGN_IDENTITY[sdk=iphoneos*]" = "iPhone Developer";
				COPY_PHASE_STRIP = NO;
				GCC_C_LANGUAGE_STANDARD = gnu99;
				GCC_DYNAMIC_NO_PIC = NO;
				GCC_OPTIMIZATION_LEVEL = 0;
				GCC_PREPROCESSOR_DEFINITIONS = (
					"DEBUG=1",
					"$(inherited)",
				);
				GCC_SYMBOLS_PRIVATE_EXTERN = NO;
				GCC_WARN_64_TO_32_BIT_CONVERSION = YES;
				GCC_WARN_ABOUT_RETURN_TYPE = YES_ERROR;
				GCC_WARN_UNDECLARED_SELECTOR = YES;
				GCC_WARN_UNINITIALIZED_AUTOS = YES_AGGRESSIVE;
				GCC_WARN_UNUSED_FUNCTION = YES;
				GCC_WARN_UNUSED_VARIABLE = YES;
				IPHONEOS_DEPLOYMENT_TARGET = 7.1;
				ONLY_ACTIVE_ARCH = YES;
				SDKROOT = iphoneos;
				TARGETED_DEVICE_FAMILY = "1,2";
			};
			name = Debug;
		};
		01CDCC9519B36CA20001CE60 /* Release */ = {
			isa = XCBuildConfiguration;
			buildSettings = {
				ALWAYS_SEARCH_USER_PATHS = NO;
				CLANG_CXX_LANGUAGE_STANDARD = "gnu++0x";
				CLANG_CXX_LIBRARY = "libc++";
				CLANG_ENABLE_MODULES = YES;
				CLANG_ENABLE_OBJC_ARC = YES;
				CLANG_WARN_BOOL_CONVERSION = YES;
				CLANG_WARN_CONSTANT_CONVERSION = YES;
				CLANG_WARN_DIRECT_OBJC_ISA_USAGE = YES_ERROR;
				CLANG_WARN_EMPTY_BODY = YES;
				CLANG_WARN_ENUM_CONVERSION = YES;
				CLANG_WARN_INT_CONVERSION = YES;
				CLANG_WARN_OBJC_ROOT_CLASS = YES_ERROR;
				CLANG_WARN__DUPLICATE_METHOD_MATCH = YES;
				"CODE_SIGN_IDENTITY[sdk=iphoneos*]" = "iPhone Developer";
				COPY_PHASE_STRIP = YES;
				ENABLE_NS_ASSERTIONS = NO;
				GCC_C_LANGUAGE_STANDARD = gnu99;
				GCC_WARN_64_TO_32_BIT_CONVERSION = YES;
				GCC_WARN_ABOUT_RETURN_TYPE = YES_ERROR;
				GCC_WARN_UNDECLARED_SELECTOR = YES;
				GCC_WARN_UNINITIALIZED_AUTOS = YES_AGGRESSIVE;
				GCC_WARN_UNUSED_FUNCTION = YES;
				GCC_WARN_UNUSED_VARIABLE = YES;
				IPHONEOS_DEPLOYMENT_TARGET = 7.1;
				SDKROOT = iphoneos;
				TARGETED_DEVICE_FAMILY = "1,2";
				VALIDATE_PRODUCT = YES;
			};
			name = Release;
		};
		01CDCC9719B36CA20001CE60 /* Debug */ = {
			isa = XCBuildConfiguration;
			buildSettings = {
				ASSETCATALOG_COMPILER_APPICON_NAME = AppIcon;
				ASSETCATALOG_COMPILER_LAUNCHIMAGE_NAME = LaunchImage;
				GCC_PRECOMPILE_PREFIX_HEADER = YES;
				GCC_PREFIX_HEADER = "iSchoolChapter1/iSchoolChapter1-Prefix.pch";
				INFOPLIST_FILE = "iSchoolChapter1/iSchoolChapter1-Info.plist";
				PRODUCT_NAME = "$(TARGET_NAME)";
				WRAPPER_EXTENSION = app;
			};
			name = Debug;
		};
		01CDCC9819B36CA20001CE60 /* Release */ = {
			isa = XCBuildConfiguration;
			buildSettings = {
				ASSETCATALOG_COMPILER_APPICON_NAME = AppIcon;
				ASSETCATALOG_COMPILER_LAUNCHIMAGE_NAME = LaunchImage;
				GCC_PRECOMPILE_PREFIX_HEADER = YES;
				GCC_PREFIX_HEADER = "iSchoolChapter1/iSchoolChapter1-Prefix.pch";
				INFOPLIST_FILE = "iSchoolChapter1/iSchoolChapter1-Info.plist";
				PRODUCT_NAME = "$(TARGET_NAME)";
				WRAPPER_EXTENSION = app;
			};
			name = Release;
		};
		01CDCC9A19B36CA20001CE60 /* Debug */ = {
			isa = XCBuildConfiguration;
			buildSettings = {
				BUNDLE_LOADER = "$(BUILT_PRODUCTS_DIR)/iSchoolChapter1.app/iSchoolChapter1";
				FRAMEWORK_SEARCH_PATHS = (
					"$(SDKROOT)/Developer/Library/Frameworks",
					"$(inherited)",
					"$(DEVELOPER_FRAMEWORKS_DIR)",
				);
				GCC_PRECOMPILE_PREFIX_HEADER = YES;
				GCC_PREFIX_HEADER = "iSchoolChapter1/iSchoolChapter1-Prefix.pch";
				GCC_PREPROCESSOR_DEFINITIONS = (
					"DEBUG=1",
					"$(inherited)",
				);
				INFOPLIST_FILE = "iSchoolChapter1Tests/iSchoolChapter1Tests-Info.plist";
				PRODUCT_NAME = "$(TARGET_NAME)";
				TEST_HOST = "$(BUNDLE_LOADER)";
				WRAPPER_EXTENSION = xctest;
			};
			name = Debug;
		};
		01CDCC9B19B36CA20001CE60 /* Release */ = {
			isa = XCBuildConfiguration;
			buildSettings = {
				BUNDLE_LOADER = "$(BUILT_PRODUCTS_DIR)/iSchoolChapter1.app/iSchoolChapter1";
				FRAMEWORK_SEARCH_PATHS = (
					"$(SDKROOT)/Developer/Library/Frameworks",
					"$(inherited)",
					"$(DEVELOPER_FRAMEWORKS_DIR)",
				);
				GCC_PRECOMPILE_PREFIX_HEADER = YES;
				GCC_PREFIX_HEADER = "iSchoolChapter1/iSchoolChapter1-Prefix.pch";
				INFOPLIST_FILE = "iSchoolChapter1Tests/iSchoolChapter1Tests-Info.plist";
				PRODUCT_NAME = "$(TARGET_NAME)";
				TEST_HOST = "$(BUNDLE_LOADER)";
				WRAPPER_EXTENSION = xctest;
			};
			name = Release;
		};
/* End XCBuildConfiguration section */

/* Begin XCConfigurationList section */
		01CDCC5C19B36CA10001CE60 /* Build configuration list for PBXProject "iSchoolChapter1" */ = {
			isa = XCConfigurationList;
			buildConfigurations = (
				01CDCC9419B36CA20001CE60 /* Debug */,
				01CDCC9519B36CA20001CE60 /* Release */,
			);
			defaultConfigurationIsVisible = 0;
			defaultConfigurationName = Release;
		};
		01CDCC9619B36CA20001CE60 /* Build configuration list for PBXNativeTarget "iSchoolChapter1" */ = {
			isa = XCConfigurationList;
			buildConfigurations = (
				01CDCC9719B36CA20001CE60 /* Debug */,
				01CDCC9819B36CA20001CE60 /* Release */,
			);
			defaultConfigurationIsVisible = 0;
		};
		01CDCC9919B36CA20001CE60 /* Build configuration list for PBXNativeTarget "iSchoolChapter1Tests" */ = {
			isa = XCConfigurationList;
			buildConfigurations = (
				01CDCC9A19B36CA20001CE60 /* Debug */,
				01CDCC9B19B36CA20001CE60 /* Release */,
			);
			defaultConfigurationIsVisible = 0;
		};
/* End XCConfigurationList section */
	};
	rootObject = 01CDCC5919B36CA10001CE60 /* Project object */;
}
