// !$*UTF8*$!
{
	archiveVersion = 1;
	classes = {
	};
	objectVersion = 46;
	objects = {

/* Begin PBXBuildFile section */
		019E2A2D19B6459E0090006B /* Foundation.framework in Frameworks */ = {isa = PBXBuildFile; fileRef = 019E2A2C19B6459E0090006B /* Foundation.framework */; };
		019E2A2F19B6459E0090006B /* CoreGraphics.framework in Frameworks */ = {isa = PBXBuildFile; fileRef = 019E2A2E19B6459E0090006B /* CoreGraphics.framework */; };
		019E2A3119B6459E0090006B /* UIKit.framework in Frameworks */ = {isa = PBXBuildFile; fileRef = 019E2A3019B6459E0090006B /* UIKit.framework */; };
		019E2A3719B6459E0090006B /* InfoPlist.strings in Resources */ = {isa = PBXBuildFile; fileRef = 019E2A3519B6459E0090006B /* InfoPlist.strings */; };
		019E2A3919B6459E0090006B /* main.m in Sources */ = {isa = PBXBuildFile; fileRef = 019E2A3819B6459E0090006B /* main.m */; };
		019E2A3D19B6459E0090006B /* AppDelegate.m in Sources */ = {isa = PBXBuildFile; fileRef = 019E2A3C19B6459E0090006B /* AppDelegate.m */; };
		019E2A3F19B6459E0090006B /* Images.xcassets in Resources */ = {isa = PBXBuildFile; fileRef = 019E2A3E19B6459E0090006B /* Images.xcassets */; };
		019E2A4619B6459F0090006B /* XCTest.framework in Frameworks */ = {isa = PBXBuildFile; fileRef = 019E2A4519B6459F0090006B /* XCTest.framework */; };
		019E2A4719B6459F0090006B /* Foundation.framework in Frameworks */ = {isa = PBXBuildFile; fileRef = 019E2A2C19B6459E0090006B /* Foundation.framework */; };
		019E2A4819B6459F0090006B /* UIKit.framework in Frameworks */ = {isa = PBXBuildFile; fileRef = 019E2A3019B6459E0090006B /* UIKit.framework */; };
		019E2A5019B6459F0090006B /* InfoPlist.strings in Resources */ = {isa = PBXBuildFile; fileRef = 019E2A4E19B6459F0090006B /* InfoPlist.strings */; };
		019E2A5219B6459F0090006B /* iDynamicTests.m in Sources */ = {isa = PBXBuildFile; fileRef = 019E2A5119B6459F0090006B /* iDynamicTests.m */; };
		019E2A5D19B645B00090006B /* MainViewController.m in Sources */ = {isa = PBXBuildFile; fileRef = 019E2A5C19B645B00090006B /* MainViewController.m */; };
		019E2A6019B64C2E0090006B /* UIScrollViewController.m in Sources */ = {isa = PBXBuildFile; fileRef = 019E2A5F19B64C2E0090006B /* UIScrollViewController.m */; };
/* End PBXBuildFile section */

/* Begin PBXContainerItemProxy section */
		019E2A4919B6459F0090006B /* PBXContainerItemProxy */ = {
			isa = PBXContainerItemProxy;
			containerPortal = 019E2A2119B6459E0090006B /* Project object */;
			proxyType = 1;
			remoteGlobalIDString = 019E2A2819B6459E0090006B;
			remoteInfo = iDynamic;
		};
/* End PBXContainerItemProxy section */

/* Begin PBXFileReference section */
		019E2A2919B6459E0090006B /* iDynamic.app */ = {isa = PBXFileReference; explicitFileType = wrapper.application; includeInIndex = 0; path = iDynamic.app; sourceTree = BUILT_PRODUCTS_DIR; };
		019E2A2C19B6459E0090006B /* Foundation.framework */ = {isa = PBXFileReference; lastKnownFileType = wrapper.framework; name = Foundation.framework; path = System/Library/Frameworks/Foundation.framework; sourceTree = SDKROOT; };
		019E2A2E19B6459E0090006B /* CoreGraphics.framework */ = {isa = PBXFileReference; lastKnownFileType = wrapper.framework; name = CoreGraphics.framework; path = System/Library/Frameworks/CoreGraphics.framework; sourceTree = SDKROOT; };
		019E2A3019B6459E0090006B /* UIKit.framework */ = {isa = PBXFileReference; lastKnownFileType = wrapper.framework; name = UIKit.framework; path = System/Library/Frameworks/UIKit.framework; sourceTree = SDKROOT; };
		019E2A3419B6459E0090006B /* iDynamic-Info.plist */ = {isa = PBXFileReference; lastKnownFileType = text.plist.xml; path = "iDynamic-Info.plist"; sourceTree = "<group>"; };
		019E2A3619B6459E0090006B /* en */ = {isa = PBXFileReference; lastKnownFileType = text.plist.strings; name = en; path = en.lproj/InfoPlist.strings; sourceTree = "<group>"; };
		019E2A3819B6459E0090006B /* main.m */ = {isa = PBXFileReference; lastKnownFileType = sourcecode.c.objc; path = main.m; sourceTree = "<group>"; };
		019E2A3A19B6459E0090006B /* iDynamic-Prefix.pch */ = {isa = PBXFileReference; lastKnownFileType = sourcecode.c.h; path = "iDynamic-Prefix.pch"; sourceTree = "<group>"; };
		019E2A3B19B6459E0090006B /* AppDelegate.h */ = {isa = PBXFileReference; lastKnownFileType = sourcecode.c.h; path = AppDelegate.h; sourceTree = "<group>"; };
		019E2A3C19B6459E0090006B /* AppDelegate.m */ = {isa = PBXFileReference; lastKnownFileType = sourcecode.c.objc; path = AppDelegate.m; sourceTree = "<group>"; };
		019E2A3E19B6459E0090006B /* Images.xcassets */ = {isa = PBXFileReference; lastKnownFileType = folder.assetcatalog; path = Images.xcassets; sourceTree = "<group>"; };
		019E2A4419B6459F0090006B /* iDynamicTests.xctest */ = {isa = PBXFileReference; explicitFileType = wrapper.cfbundle; includeInIndex = 0; path = iDynamicTests.xctest; sourceTree = BUILT_PRODUCTS_DIR; };
		019E2A4519B6459F0090006B /* XCTest.framework */ = {isa = PBXFileReference; lastKnownFileType = wrapper.framework; name = XCTest.framework; path = Library/Frameworks/XCTest.framework; sourceTree = DEVELOPER_DIR; };
		019E2A4D19B6459F0090006B /* iDynamicTests-Info.plist */ = {isa = PBXFileReference; lastKnownFileType = text.plist.xml; path = "iDynamicTests-Info.plist"; sourceTree = "<group>"; };
		019E2A4F19B6459F0090006B /* en */ = {isa = PBXFileReference; lastKnownFileType = text.plist.strings; name = en; path = en.lproj/InfoPlist.strings; sourceTree = "<group>"; };
		019E2A5119B6459F0090006B /* iDynamicTests.m */ = {isa = PBXFileReference; lastKnownFileType = sourcecode.c.objc; path = iDynamicTests.m; sourceTree = "<group>"; };
		019E2A5B19B645B00090006B /* MainViewController.h */ = {isa = PBXFileReference; fileEncoding = 4; lastKnownFileType = sourcecode.c.h; path = MainViewController.h; sourceTree = "<group>"; };
		019E2A5C19B645B00090006B /* MainViewController.m */ = {isa = PBXFileReference; fileEncoding = 4; lastKnownFileType = sourcecode.c.objc; path = MainViewController.m; sourceTree = "<group>"; };
		019E2A5E19B64C2E0090006B /* UIScrollViewController.h */ = {isa = PBXFileReference; fileEncoding = 4; lastKnownFileType = sourcecode.c.h; name = UIScrollViewController.h; path = ../../iPhoneUtil/UIScrollViewController/UIScrollViewController.h; sourceTree = "<group>"; };
		019E2A5F19B64C2E0090006B /* UIScrollViewController.m */ = {isa = PBXFileReference; fileEncoding = 4; lastKnownFileType = sourcecode.c.objc; name = UIScrollViewController.m; path = ../../iPhoneUtil/UIScrollViewController/UIScrollViewController.m; sourceTree = "<group>"; };
/* End PBXFileReference section */

/* Begin PBXFrameworksBuildPhase section */
		019E2A2619B6459E0090006B /* Frameworks */ = {
			isa = PBXFrameworksBuildPhase;
			buildActionMask = 2147483647;
			files = (
				019E2A2F19B6459E0090006B /* CoreGraphics.framework in Frameworks */,
				019E2A3119B6459E0090006B /* UIKit.framework in Frameworks */,
				019E2A2D19B6459E0090006B /* Foundation.framework in Frameworks */,
			);
			runOnlyForDeploymentPostprocessing = 0;
		};
		019E2A4119B6459F0090006B /* Frameworks */ = {
			isa = PBXFrameworksBuildPhase;
			buildActionMask = 2147483647;
			files = (
				019E2A4619B6459F0090006B /* XCTest.framework in Frameworks */,
				019E2A4819B6459F0090006B /* UIKit.framework in Frameworks */,
				019E2A4719B6459F0090006B /* Foundation.framework in Frameworks */,
			);
			runOnlyForDeploymentPostprocessing = 0;
		};
/* End PBXFrameworksBuildPhase section */

/* Begin PBXGroup section */
		019E2A2019B6459E0090006B = {
			isa = PBXGroup;
			children = (
				019E2A3219B6459E0090006B /* iDynamic */,
				019E2A4B19B6459F0090006B /* iDynamicTests */,
				019E2A2B19B6459E0090006B /* Frameworks */,
				019E2A2A19B6459E0090006B /* Products */,
			);
			sourceTree = "<group>";
		};
		019E2A2A19B6459E0090006B /* Products */ = {
			isa = PBXGroup;
			children = (
				019E2A2919B6459E0090006B /* iDynamic.app */,
				019E2A4419B6459F0090006B /* iDynamicTests.xctest */,
			);
			name = Products;
			sourceTree = "<group>";
		};
		019E2A2B19B6459E0090006B /* Frameworks */ = {
			isa = PBXGroup;
			children = (
				019E2A2C19B6459E0090006B /* Foundation.framework */,
				019E2A2E19B6459E0090006B /* CoreGraphics.framework */,
				019E2A3019B6459E0090006B /* UIKit.framework */,
				019E2A4519B6459F0090006B /* XCTest.framework */,
			);
			name = Frameworks;
			sourceTree = "<group>";
		};
		019E2A3219B6459E0090006B /* iDynamic */ = {
			isa = PBXGroup;
			children = (
				019E2A3B19B6459E0090006B /* AppDelegate.h */,
				019E2A3C19B6459E0090006B /* AppDelegate.m */,
				019E2A3E19B6459E0090006B /* Images.xcassets */,
				019E2A3319B6459E0090006B /* Supporting Files */,
				019E2A5B19B645B00090006B /* MainViewController.h */,
				019E2A5C19B645B00090006B /* MainViewController.m */,
				019E2A5E19B64C2E0090006B /* UIScrollViewController.h */,
				019E2A5F19B64C2E0090006B /* UIScrollViewController.m */,
			);
			path = iDynamic;
			sourceTree = "<group>";
		};
		019E2A3319B6459E0090006B /* Supporting Files */ = {
			isa = PBXGroup;
			children = (
				019E2A3419B6459E0090006B /* iDynamic-Info.plist */,
				019E2A3519B6459E0090006B /* InfoPlist.strings */,
				019E2A3819B6459E0090006B /* main.m */,
				019E2A3A19B6459E0090006B /* iDynamic-Prefix.pch */,
			);
			name = "Supporting Files";
			sourceTree = "<group>";
		};
		019E2A4B19B6459F0090006B /* iDynamicTests */ = {
			isa = PBXGroup;
			children = (
				019E2A5119B6459F0090006B /* iDynamicTests.m */,
				019E2A4C19B6459F0090006B /* Supporting Files */,
			);
			path = iDynamicTests;
			sourceTree = "<group>";
		};
		019E2A4C19B6459F0090006B /* Supporting Files */ = {
			isa = PBXGroup;
			children = (
				019E2A4D19B6459F0090006B /* iDynamicTests-Info.plist */,
				019E2A4E19B6459F0090006B /* InfoPlist.strings */,
			);
			name = "Supporting Files";
			sourceTree = "<group>";
		};
/* End PBXGroup section */

/* Begin PBXNativeTarget section */
		019E2A2819B6459E0090006B /* iDynamic */ = {
			isa = PBXNativeTarget;
			buildConfigurationList = 019E2A5519B6459F0090006B /* Build configuration list for PBXNativeTarget "iDynamic" */;
			buildPhases = (
				019E2A2519B6459E0090006B /* Sources */,
				019E2A2619B6459E0090006B /* Frameworks */,
				019E2A2719B6459E0090006B /* Resources */,
			);
			buildRules = (
			);
			dependencies = (
			);
			name = iDynamic;
			productName = iDynamic;
			productReference = 019E2A2919B6459E0090006B /* iDynamic.app */;
			productType = "com.apple.product-type.application";
		};
		019E2A4319B6459F0090006B /* iDynamicTests */ = {
			isa = PBXNativeTarget;
			buildConfigurationList = 019E2A5819B6459F0090006B /* Build configuration list for PBXNativeTarget "iDynamicTests" */;
			buildPhases = (
				019E2A4019B6459F0090006B /* Sources */,
				019E2A4119B6459F0090006B /* Frameworks */,
				019E2A4219B6459F0090006B /* Resources */,
			);
			buildRules = (
			);
			dependencies = (
				019E2A4A19B6459F0090006B /* PBXTargetDependency */,
			);
			name = iDynamicTests;
			productName = iDynamicTests;
			productReference = 019E2A4419B6459F0090006B /* iDynamicTests.xctest */;
			productType = "com.apple.product-type.bundle.unit-test";
		};
/* End PBXNativeTarget section */

/* Begin PBXProject section */
		019E2A2119B6459E0090006B /* Project object */ = {
			isa = PBXProject;
			attributes = {
				LastUpgradeCheck = 0510;
				ORGANIZATIONNAME = "Breder Organization";
				TargetAttributes = {
					019E2A4319B6459F0090006B = {
						TestTargetID = 019E2A2819B6459E0090006B;
					};
				};
			};
			buildConfigurationList = 019E2A2419B6459E0090006B /* Build configuration list for PBXProject "iDynamic" */;
			compatibilityVersion = "Xcode 3.2";
			developmentRegion = English;
			hasScannedForEncodings = 0;
			knownRegions = (
				en,
			);
			mainGroup = 019E2A2019B6459E0090006B;
			productRefGroup = 019E2A2A19B6459E0090006B /* Products */;
			projectDirPath = "";
			projectRoot = "";
			targets = (
				019E2A2819B6459E0090006B /* iDynamic */,
				019E2A4319B6459F0090006B /* iDynamicTests */,
			);
		};
/* End PBXProject section */

/* Begin PBXResourcesBuildPhase section */
		019E2A2719B6459E0090006B /* Resources */ = {
			isa = PBXResourcesBuildPhase;
			buildActionMask = 2147483647;
			files = (
				019E2A3719B6459E0090006B /* InfoPlist.strings in Resources */,
				019E2A3F19B6459E0090006B /* Images.xcassets in Resources */,
			);
			runOnlyForDeploymentPostprocessing = 0;
		};
		019E2A4219B6459F0090006B /* Resources */ = {
			isa = PBXResourcesBuildPhase;
			buildActionMask = 2147483647;
			files = (
				019E2A5019B6459F0090006B /* InfoPlist.strings in Resources */,
			);
			runOnlyForDeploymentPostprocessing = 0;
		};
/* End PBXResourcesBuildPhase section */

/* Begin PBXSourcesBuildPhase section */
		019E2A2519B6459E0090006B /* Sources */ = {
			isa = PBXSourcesBuildPhase;
			buildActionMask = 2147483647;
			files = (
				019E2A3D19B6459E0090006B /* AppDelegate.m in Sources */,
				019E2A5D19B645B00090006B /* MainViewController.m in Sources */,
				019E2A3919B6459E0090006B /* main.m in Sources */,
				019E2A6019B64C2E0090006B /* UIScrollViewController.m in Sources */,
			);
			runOnlyForDeploymentPostprocessing = 0;
		};
		019E2A4019B6459F0090006B /* Sources */ = {
			isa = PBXSourcesBuildPhase;
			buildActionMask = 2147483647;
			files = (
				019E2A5219B6459F0090006B /* iDynamicTests.m in Sources */,
			);
			runOnlyForDeploymentPostprocessing = 0;
		};
/* End PBXSourcesBuildPhase section */

/* Begin PBXTargetDependency section */
		019E2A4A19B6459F0090006B /* PBXTargetDependency */ = {
			isa = PBXTargetDependency;
			target = 019E2A2819B6459E0090006B /* iDynamic */;
			targetProxy = 019E2A4919B6459F0090006B /* PBXContainerItemProxy */;
		};
/* End PBXTargetDependency section */

/* Begin PBXVariantGroup section */
		019E2A3519B6459E0090006B /* InfoPlist.strings */ = {
			isa = PBXVariantGroup;
			children = (
				019E2A3619B6459E0090006B /* en */,
			);
			name = InfoPlist.strings;
			sourceTree = "<group>";
		};
		019E2A4E19B6459F0090006B /* InfoPlist.strings */ = {
			isa = PBXVariantGroup;
			children = (
				019E2A4F19B6459F0090006B /* en */,
			);
			name = InfoPlist.strings;
			sourceTree = "<group>";
		};
/* End PBXVariantGroup section */

/* Begin XCBuildConfiguration section */
		019E2A5319B6459F0090006B /* Debug */ = {
			isa = XCBuildConfiguration;
			buildSettings = {
				ALWAYS_SEARCH_USER_PATHS = NO;
				CLANG_CXX_LANGUAGE_STANDARD = "gnu++0x";
				CLANG_CXX_LIBRARY = "libc++";
				CLANG_ENABLE_MODULES = YES;
				CLANG_ENABLE_OBJC_ARC = YES;
				CLANG_WARN_BOOL_CONVERSION = YES;
				CLANG_WARN_CONSTANT_CONVERSION = YES;
				CLANG_WARN_DIRECT_OBJC_ISA_USAGE = YES_ERROR;
				CLANG_WARN_EMPTY_BODY = YES;
				CLANG_WARN_ENUM_CONVERSION = YES;
				CLANG_WARN_INT_CONVERSION = YES;
				CLANG_WARN_OBJC_ROOT_CLASS = YES_ERROR;
				CLANG_WARN__DUPLICATE_METHOD_MATCH = YES;
				"CODE_SIGN_IDENTITY[sdk=iphoneos*]" = "iPhone Developer";
				COPY_PHASE_STRIP = NO;
				GCC_C_LANGUAGE_STANDARD = gnu99;
				GCC_DYNAMIC_NO_PIC = NO;
				GCC_OPTIMIZATION_LEVEL = 0;
				GCC_PREPROCESSOR_DEFINITIONS = (
					"DEBUG=1",
					"$(inherited)",
				);
				GCC_SYMBOLS_PRIVATE_EXTERN = NO;
				GCC_WARN_64_TO_32_BIT_CONVERSION = YES;
				GCC_WARN_ABOUT_RETURN_TYPE = YES_ERROR;
				GCC_WARN_UNDECLARED_SELECTOR = YES;
				GCC_WARN_UNINITIALIZED_AUTOS = YES_AGGRESSIVE;
				GCC_WARN_UNUSED_FUNCTION = YES;
				GCC_WARN_UNUSED_VARIABLE = YES;
				IPHONEOS_DEPLOYMENT_TARGET = 7.1;
				ONLY_ACTIVE_ARCH = YES;
				SDKROOT = iphoneos;
				TARGETED_DEVICE_FAMILY = "1,2";
			};
			name = Debug;
		};
		019E2A5419B6459F0090006B /* Release */ = {
			isa = XCBuildConfiguration;
			buildSettings = {
				ALWAYS_SEARCH_USER_PATHS = NO;
				CLANG_CXX_LANGUAGE_STANDARD = "gnu++0x";
				CLANG_CXX_LIBRARY = "libc++";
				CLANG_ENABLE_MODULES = YES;
				CLANG_ENABLE_OBJC_ARC = YES;
				CLANG_WARN_BOOL_CONVERSION = YES;
				CLANG_WARN_CONSTANT_CONVERSION = YES;
				CLANG_WARN_DIRECT_OBJC_ISA_USAGE = YES_ERROR;
				CLANG_WARN_EMPTY_BODY = YES;
				CLANG_WARN_ENUM_CONVERSION = YES;
				CLANG_WARN_INT_CONVERSION = YES;
				CLANG_WARN_OBJC_ROOT_CLASS = YES_ERROR;
				CLANG_WARN__DUPLICATE_METHOD_MATCH = YES;
				"CODE_SIGN_IDENTITY[sdk=iphoneos*]" = "iPhone Developer";
				COPY_PHASE_STRIP = YES;
				ENABLE_NS_ASSERTIONS = NO;
				GCC_C_LANGUAGE_STANDARD = gnu99;
				GCC_WARN_64_TO_32_BIT_CONVERSION = YES;
				GCC_WARN_ABOUT_RETURN_TYPE = YES_ERROR;
				GCC_WARN_UNDECLARED_SELECTOR = YES;
				GCC_WARN_UNINITIALIZED_AUTOS = YES_AGGRESSIVE;
				GCC_WARN_UNUSED_FUNCTION = YES;
				GCC_WARN_UNUSED_VARIABLE = YES;
				IPHONEOS_DEPLOYMENT_TARGET = 7.1;
				SDKROOT = iphoneos;
				TARGETED_DEVICE_FAMILY = "1,2";
				VALIDATE_PRODUCT = YES;
			};
			name = Release;
		};
		019E2A5619B6459F0090006B /* Debug */ = {
			isa = XCBuildConfiguration;
			buildSettings = {
				ASSETCATALOG_COMPILER_APPICON_NAME = AppIcon;
				ASSETCATALOG_COMPILER_LAUNCHIMAGE_NAME = LaunchImage;
				GCC_PRECOMPILE_PREFIX_HEADER = YES;
				GCC_PREFIX_HEADER = "iDynamic/iDynamic-Prefix.pch";
				INFOPLIST_FILE = "iDynamic/iDynamic-Info.plist";
				PRODUCT_NAME = "$(TARGET_NAME)";
				WRAPPER_EXTENSION = app;
			};
			name = Debug;
		};
		019E2A5719B6459F0090006B /* Release */ = {
			isa = XCBuildConfiguration;
			buildSettings = {
				ASSETCATALOG_COMPILER_APPICON_NAME = AppIcon;
				ASSETCATALOG_COMPILER_LAUNCHIMAGE_NAME = LaunchImage;
				GCC_PRECOMPILE_PREFIX_HEADER = YES;
				GCC_PREFIX_HEADER = "iDynamic/iDynamic-Prefix.pch";
				INFOPLIST_FILE = "iDynamic/iDynamic-Info.plist";
				PRODUCT_NAME = "$(TARGET_NAME)";
				WRAPPER_EXTENSION = app;
			};
			name = Release;
		};
		019E2A5919B6459F0090006B /* Debug */ = {
			isa = XCBuildConfiguration;
			buildSettings = {
				BUNDLE_LOADER = "$(BUILT_PRODUCTS_DIR)/iDynamic.app/iDynamic";
				FRAMEWORK_SEARCH_PATHS = (
					"$(SDKROOT)/Developer/Library/Frameworks",
					"$(inherited)",
					"$(DEVELOPER_FRAMEWORKS_DIR)",
				);
				GCC_PRECOMPILE_PREFIX_HEADER = YES;
				GCC_PREFIX_HEADER = "iDynamic/iDynamic-Prefix.pch";
				GCC_PREPROCESSOR_DEFINITIONS = (
					"DEBUG=1",
					"$(inherited)",
				);
				INFOPLIST_FILE = "iDynamicTests/iDynamicTests-Info.plist";
				PRODUCT_NAME = "$(TARGET_NAME)";
				TEST_HOST = "$(BUNDLE_LOADER)";
				WRAPPER_EXTENSION = xctest;
			};
			name = Debug;
		};
		019E2A5A19B6459F0090006B /* Release */ = {
			isa = XCBuildConfiguration;
			buildSettings = {
				BUNDLE_LOADER = "$(BUILT_PRODUCTS_DIR)/iDynamic.app/iDynamic";
				FRAMEWORK_SEARCH_PATHS = (
					"$(SDKROOT)/Developer/Library/Frameworks",
					"$(inherited)",
					"$(DEVELOPER_FRAMEWORKS_DIR)",
				);
				GCC_PRECOMPILE_PREFIX_HEADER = YES;
				GCC_PREFIX_HEADER = "iDynamic/iDynamic-Prefix.pch";
				INFOPLIST_FILE = "iDynamicTests/iDynamicTests-Info.plist";
				PRODUCT_NAME = "$(TARGET_NAME)";
				TEST_HOST = "$(BUNDLE_LOADER)";
				WRAPPER_EXTENSION = xctest;
			};
			name = Release;
		};
/* End XCBuildConfiguration section */

/* Begin XCConfigurationList section */
		019E2A2419B6459E0090006B /* Build configuration list for PBXProject "iDynamic" */ = {
			isa = XCConfigurationList;
			buildConfigurations = (
				019E2A5319B6459F0090006B /* Debug */,
				019E2A5419B6459F0090006B /* Release */,
			);
			defaultConfigurationIsVisible = 0;
			defaultConfigurationName = Release;
		};
		019E2A5519B6459F0090006B /* Build configuration list for PBXNativeTarget "iDynamic" */ = {
			isa = XCConfigurationList;
			buildConfigurations = (
				019E2A5619B6459F0090006B /* Debug */,
				019E2A5719B6459F0090006B /* Release */,
			);
			defaultConfigurationIsVisible = 0;
			defaultConfigurationName = Release;
		};
		019E2A5819B6459F0090006B /* Build configuration list for PBXNativeTarget "iDynamicTests" */ = {
			isa = XCConfigurationList;
			buildConfigurations = (
				019E2A5919B6459F0090006B /* Debug */,
				019E2A5A19B6459F0090006B /* Release */,
			);
			defaultConfigurationIsVisible = 0;
			defaultConfigurationName = Release;
		};
/* End XCConfigurationList section */
	};
	rootObject = 019E2A2119B6459E0090006B /* Project object */;
}
