// !$*UTF8*$!
{
	archiveVersion = 1;
	classes = {
	};
	objectVersion = 46;
	objects = {

/* Begin PBXBuildFile section */
		0161FA4318E2516700B40B04 /* Foundation.framework in Frameworks */ = {isa = PBXBuildFile; fileRef = 0161FA4218E2516700B40B04 /* Foundation.framework */; };
		0161FA4518E2516700B40B04 /* CoreGraphics.framework in Frameworks */ = {isa = PBXBuildFile; fileRef = 0161FA4418E2516700B40B04 /* CoreGraphics.framework */; };
		0161FA4718E2516700B40B04 /* UIKit.framework in Frameworks */ = {isa = PBXBuildFile; fileRef = 0161FA4618E2516700B40B04 /* UIKit.framework */; };
		0161FA4D18E2516700B40B04 /* InfoPlist.strings in Resources */ = {isa = PBXBuildFile; fileRef = 0161FA4B18E2516700B40B04 /* InfoPlist.strings */; };
		0161FA4F18E2516700B40B04 /* main.m in Sources */ = {isa = PBXBuildFile; fileRef = 0161FA4E18E2516700B40B04 /* main.m */; };
		0161FA5318E2516700B40B04 /* AppDelegate.m in Sources */ = {isa = PBXBuildFile; fileRef = 0161FA5218E2516700B40B04 /* AppDelegate.m */; };
		0161FA5518E2516700B40B04 /* Images.xcassets in Resources */ = {isa = PBXBuildFile; fileRef = 0161FA5418E2516700B40B04 /* Images.xcassets */; };
		0161FA5C18E2516700B40B04 /* XCTest.framework in Frameworks */ = {isa = PBXBuildFile; fileRef = 0161FA5B18E2516700B40B04 /* XCTest.framework */; };
		0161FA5D18E2516700B40B04 /* Foundation.framework in Frameworks */ = {isa = PBXBuildFile; fileRef = 0161FA4218E2516700B40B04 /* Foundation.framework */; };
		0161FA5E18E2516700B40B04 /* UIKit.framework in Frameworks */ = {isa = PBXBuildFile; fileRef = 0161FA4618E2516700B40B04 /* UIKit.framework */; };
		0161FA6618E2516700B40B04 /* InfoPlist.strings in Resources */ = {isa = PBXBuildFile; fileRef = 0161FA6418E2516700B40B04 /* InfoPlist.strings */; };
		0161FA6818E2516700B40B04 /* iSampleDocumentTests.m in Sources */ = {isa = PBXBuildFile; fileRef = 0161FA6718E2516700B40B04 /* iSampleDocumentTests.m */; };
		0161FA7518E2518300B40B04 /* MainViewController.m in Sources */ = {isa = PBXBuildFile; fileRef = 0161FA7418E2518300B40B04 /* MainViewController.m */; };
		0161FA7A18E25D6100B40B04 /* MyDocument.m in Sources */ = {isa = PBXBuildFile; fileRef = 0161FA7918E25D6100B40B04 /* MyDocument.m */; };
/* End PBXBuildFile section */

/* Begin PBXContainerItemProxy section */
		0161FA5F18E2516700B40B04 /* PBXContainerItemProxy */ = {
			isa = PBXContainerItemProxy;
			containerPortal = 0161FA3718E2516700B40B04 /* Project object */;
			proxyType = 1;
			remoteGlobalIDString = 0161FA3E18E2516700B40B04;
			remoteInfo = iSampleDocument;
		};
/* End PBXContainerItemProxy section */

/* Begin PBXFileReference section */
		0161FA3F18E2516700B40B04 /* iSampleDocument.app */ = {isa = PBXFileReference; explicitFileType = wrapper.application; includeInIndex = 0; path = iSampleDocument.app; sourceTree = BUILT_PRODUCTS_DIR; };
		0161FA4218E2516700B40B04 /* Foundation.framework */ = {isa = PBXFileReference; lastKnownFileType = wrapper.framework; name = Foundation.framework; path = System/Library/Frameworks/Foundation.framework; sourceTree = SDKROOT; };
		0161FA4418E2516700B40B04 /* CoreGraphics.framework */ = {isa = PBXFileReference; lastKnownFileType = wrapper.framework; name = CoreGraphics.framework; path = System/Library/Frameworks/CoreGraphics.framework; sourceTree = SDKROOT; };
		0161FA4618E2516700B40B04 /* UIKit.framework */ = {isa = PBXFileReference; lastKnownFileType = wrapper.framework; name = UIKit.framework; path = System/Library/Frameworks/UIKit.framework; sourceTree = SDKROOT; };
		0161FA4A18E2516700B40B04 /* iSampleDocument-Info.plist */ = {isa = PBXFileReference; lastKnownFileType = text.plist.xml; path = "iSampleDocument-Info.plist"; sourceTree = "<group>"; };
		0161FA4C18E2516700B40B04 /* en */ = {isa = PBXFileReference; lastKnownFileType = text.plist.strings; name = en; path = en.lproj/InfoPlist.strings; sourceTree = "<group>"; };
		0161FA4E18E2516700B40B04 /* main.m */ = {isa = PBXFileReference; lastKnownFileType = sourcecode.c.objc; path = main.m; sourceTree = "<group>"; };
		0161FA5018E2516700B40B04 /* iSampleDocument-Prefix.pch */ = {isa = PBXFileReference; lastKnownFileType = sourcecode.c.h; path = "iSampleDocument-Prefix.pch"; sourceTree = "<group>"; };
		0161FA5118E2516700B40B04 /* AppDelegate.h */ = {isa = PBXFileReference; lastKnownFileType = sourcecode.c.h; path = AppDelegate.h; sourceTree = "<group>"; };
		0161FA5218E2516700B40B04 /* AppDelegate.m */ = {isa = PBXFileReference; lastKnownFileType = sourcecode.c.objc; path = AppDelegate.m; sourceTree = "<group>"; };
		0161FA5418E2516700B40B04 /* Images.xcassets */ = {isa = PBXFileReference; lastKnownFileType = folder.assetcatalog; path = Images.xcassets; sourceTree = "<group>"; };
		0161FA5A18E2516700B40B04 /* iSampleDocumentTests.xctest */ = {isa = PBXFileReference; explicitFileType = wrapper.cfbundle; includeInIndex = 0; path = iSampleDocumentTests.xctest; sourceTree = BUILT_PRODUCTS_DIR; };
		0161FA5B18E2516700B40B04 /* XCTest.framework */ = {isa = PBXFileReference; lastKnownFileType = wrapper.framework; name = XCTest.framework; path = Library/Frameworks/XCTest.framework; sourceTree = DEVELOPER_DIR; };
		0161FA6318E2516700B40B04 /* iSampleDocumentTests-Info.plist */ = {isa = PBXFileReference; lastKnownFileType = text.plist.xml; path = "iSampleDocumentTests-Info.plist"; sourceTree = "<group>"; };
		0161FA6518E2516700B40B04 /* en */ = {isa = PBXFileReference; lastKnownFileType = text.plist.strings; name = en; path = en.lproj/InfoPlist.strings; sourceTree = "<group>"; };
		0161FA6718E2516700B40B04 /* iSampleDocumentTests.m */ = {isa = PBXFileReference; lastKnownFileType = sourcecode.c.objc; path = iSampleDocumentTests.m; sourceTree = "<group>"; };
		0161FA7318E2518300B40B04 /* MainViewController.h */ = {isa = PBXFileReference; fileEncoding = 4; lastKnownFileType = sourcecode.c.h; name = MainViewController.h; path = Controller/Main/MainViewController.h; sourceTree = "<group>"; };
		0161FA7418E2518300B40B04 /* MainViewController.m */ = {isa = PBXFileReference; fileEncoding = 4; lastKnownFileType = sourcecode.c.objc; name = MainViewController.m; path = Controller/Main/MainViewController.m; sourceTree = "<group>"; };
		0161FA7618E2542700B40B04 /* iSampleDocument.entitlements */ = {isa = PBXFileReference; lastKnownFileType = text.xml; path = iSampleDocument.entitlements; sourceTree = "<group>"; };
		0161FA7818E25D6100B40B04 /* MyDocument.h */ = {isa = PBXFileReference; fileEncoding = 4; lastKnownFileType = sourcecode.c.h; name = MyDocument.h; path = Model/MyDocument.h; sourceTree = "<group>"; };
		0161FA7918E25D6100B40B04 /* MyDocument.m */ = {isa = PBXFileReference; fileEncoding = 4; lastKnownFileType = sourcecode.c.objc; name = MyDocument.m; path = Model/MyDocument.m; sourceTree = "<group>"; };
/* End PBXFileReference section */

/* Begin PBXFrameworksBuildPhase section */
		0161FA3C18E2516700B40B04 /* Frameworks */ = {
			isa = PBXFrameworksBuildPhase;
			buildActionMask = 2147483647;
			files = (
				0161FA4518E2516700B40B04 /* CoreGraphics.framework in Frameworks */,
				0161FA4718E2516700B40B04 /* UIKit.framework in Frameworks */,
				0161FA4318E2516700B40B04 /* Foundation.framework in Frameworks */,
			);
			runOnlyForDeploymentPostprocessing = 0;
		};
		0161FA5718E2516700B40B04 /* Frameworks */ = {
			isa = PBXFrameworksBuildPhase;
			buildActionMask = 2147483647;
			files = (
				0161FA5C18E2516700B40B04 /* XCTest.framework in Frameworks */,
				0161FA5E18E2516700B40B04 /* UIKit.framework in Frameworks */,
				0161FA5D18E2516700B40B04 /* Foundation.framework in Frameworks */,
			);
			runOnlyForDeploymentPostprocessing = 0;
		};
/* End PBXFrameworksBuildPhase section */

/* Begin PBXGroup section */
		0161FA3618E2516700B40B04 = {
			isa = PBXGroup;
			children = (
				0161FA7718E25D5000B40B04 /* Model */,
				0161FA7118E2516F00B40B04 /* Controller */,
				0161FA4818E2516700B40B04 /* iSampleDocument */,
				0161FA6118E2516700B40B04 /* iSampleDocumentTests */,
				0161FA4118E2516700B40B04 /* Frameworks */,
				0161FA4018E2516700B40B04 /* Products */,
			);
			sourceTree = "<group>";
		};
		0161FA4018E2516700B40B04 /* Products */ = {
			isa = PBXGroup;
			children = (
				0161FA3F18E2516700B40B04 /* iSampleDocument.app */,
				0161FA5A18E2516700B40B04 /* iSampleDocumentTests.xctest */,
			);
			name = Products;
			sourceTree = "<group>";
		};
		0161FA4118E2516700B40B04 /* Frameworks */ = {
			isa = PBXGroup;
			children = (
				0161FA4218E2516700B40B04 /* Foundation.framework */,
				0161FA4418E2516700B40B04 /* CoreGraphics.framework */,
				0161FA4618E2516700B40B04 /* UIKit.framework */,
				0161FA5B18E2516700B40B04 /* XCTest.framework */,
			);
			name = Frameworks;
			sourceTree = "<group>";
		};
		0161FA4818E2516700B40B04 /* iSampleDocument */ = {
			isa = PBXGroup;
			children = (
				0161FA7618E2542700B40B04 /* iSampleDocument.entitlements */,
				0161FA5118E2516700B40B04 /* AppDelegate.h */,
				0161FA5218E2516700B40B04 /* AppDelegate.m */,
				0161FA5418E2516700B40B04 /* Images.xcassets */,
				0161FA4918E2516700B40B04 /* Supporting Files */,
			);
			path = iSampleDocument;
			sourceTree = "<group>";
		};
		0161FA4918E2516700B40B04 /* Supporting Files */ = {
			isa = PBXGroup;
			children = (
				0161FA4A18E2516700B40B04 /* iSampleDocument-Info.plist */,
				0161FA4B18E2516700B40B04 /* InfoPlist.strings */,
				0161FA4E18E2516700B40B04 /* main.m */,
				0161FA5018E2516700B40B04 /* iSampleDocument-Prefix.pch */,
			);
			name = "Supporting Files";
			sourceTree = "<group>";
		};
		0161FA6118E2516700B40B04 /* iSampleDocumentTests */ = {
			isa = PBXGroup;
			children = (
				0161FA6718E2516700B40B04 /* iSampleDocumentTests.m */,
				0161FA6218E2516700B40B04 /* Supporting Files */,
			);
			path = iSampleDocumentTests;
			sourceTree = "<group>";
		};
		0161FA6218E2516700B40B04 /* Supporting Files */ = {
			isa = PBXGroup;
			children = (
				0161FA6318E2516700B40B04 /* iSampleDocumentTests-Info.plist */,
				0161FA6418E2516700B40B04 /* InfoPlist.strings */,
			);
			name = "Supporting Files";
			sourceTree = "<group>";
		};
		0161FA7118E2516F00B40B04 /* Controller */ = {
			isa = PBXGroup;
			children = (
				0161FA7218E2517300B40B04 /* Main */,
			);
			name = Controller;
			sourceTree = "<group>";
		};
		0161FA7218E2517300B40B04 /* Main */ = {
			isa = PBXGroup;
			children = (
				0161FA7318E2518300B40B04 /* MainViewController.h */,
				0161FA7418E2518300B40B04 /* MainViewController.m */,
			);
			name = Main;
			sourceTree = "<group>";
		};
		0161FA7718E25D5000B40B04 /* Model */ = {
			isa = PBXGroup;
			children = (
				0161FA7818E25D6100B40B04 /* MyDocument.h */,
				0161FA7918E25D6100B40B04 /* MyDocument.m */,
			);
			name = Model;
			sourceTree = "<group>";
		};
/* End PBXGroup section */

/* Begin PBXNativeTarget section */
		0161FA3E18E2516700B40B04 /* iSampleDocument */ = {
			isa = PBXNativeTarget;
			buildConfigurationList = 0161FA6B18E2516700B40B04 /* Build configuration list for PBXNativeTarget "iSampleDocument" */;
			buildPhases = (
				0161FA3B18E2516700B40B04 /* Sources */,
				0161FA3C18E2516700B40B04 /* Frameworks */,
				0161FA3D18E2516700B40B04 /* Resources */,
			);
			buildRules = (
			);
			dependencies = (
			);
			name = iSampleDocument;
			productName = iSampleDocument;
			productReference = 0161FA3F18E2516700B40B04 /* iSampleDocument.app */;
			productType = "com.apple.product-type.application";
		};
		0161FA5918E2516700B40B04 /* iSampleDocumentTests */ = {
			isa = PBXNativeTarget;
			buildConfigurationList = 0161FA6E18E2516700B40B04 /* Build configuration list for PBXNativeTarget "iSampleDocumentTests" */;
			buildPhases = (
				0161FA5618E2516700B40B04 /* Sources */,
				0161FA5718E2516700B40B04 /* Frameworks */,
				0161FA5818E2516700B40B04 /* Resources */,
			);
			buildRules = (
			);
			dependencies = (
				0161FA6018E2516700B40B04 /* PBXTargetDependency */,
			);
			name = iSampleDocumentTests;
			productName = iSampleDocumentTests;
			productReference = 0161FA5A18E2516700B40B04 /* iSampleDocumentTests.xctest */;
			productType = "com.apple.product-type.bundle.unit-test";
		};
/* End PBXNativeTarget section */

/* Begin PBXProject section */
		0161FA3718E2516700B40B04 /* Project object */ = {
			isa = PBXProject;
			attributes = {
				LastUpgradeCheck = 0510;
				ORGANIZATIONNAME = "Bernardo Breder";
				TargetAttributes = {
					0161FA3E18E2516700B40B04 = {
						DevelopmentTeam = NF8525TU2D;
						SystemCapabilities = {
							com.apple.BackgroundModes = {
								enabled = 1;
							};
							com.apple.iCloud = {
								enabled = 1;
							};
						};
					};
					0161FA5918E2516700B40B04 = {
						TestTargetID = 0161FA3E18E2516700B40B04;
					};
				};
			};
			buildConfigurationList = 0161FA3A18E2516700B40B04 /* Build configuration list for PBXProject "iSampleDocument" */;
			compatibilityVersion = "Xcode 3.2";
			developmentRegion = English;
			hasScannedForEncodings = 0;
			knownRegions = (
				en,
			);
			mainGroup = 0161FA3618E2516700B40B04;
			productRefGroup = 0161FA4018E2516700B40B04 /* Products */;
			projectDirPath = "";
			projectRoot = "";
			targets = (
				0161FA3E18E2516700B40B04 /* iSampleDocument */,
				0161FA5918E2516700B40B04 /* iSampleDocumentTests */,
			);
		};
/* End PBXProject section */

/* Begin PBXResourcesBuildPhase section */
		0161FA3D18E2516700B40B04 /* Resources */ = {
			isa = PBXResourcesBuildPhase;
			buildActionMask = 2147483647;
			files = (
				0161FA4D18E2516700B40B04 /* InfoPlist.strings in Resources */,
				0161FA5518E2516700B40B04 /* Images.xcassets in Resources */,
			);
			runOnlyForDeploymentPostprocessing = 0;
		};
		0161FA5818E2516700B40B04 /* Resources */ = {
			isa = PBXResourcesBuildPhase;
			buildActionMask = 2147483647;
			files = (
				0161FA6618E2516700B40B04 /* InfoPlist.strings in Resources */,
			);
			runOnlyForDeploymentPostprocessing = 0;
		};
/* End PBXResourcesBuildPhase section */

/* Begin PBXSourcesBuildPhase section */
		0161FA3B18E2516700B40B04 /* Sources */ = {
			isa = PBXSourcesBuildPhase;
			buildActionMask = 2147483647;
			files = (
				0161FA7A18E25D6100B40B04 /* MyDocument.m in Sources */,
				0161FA5318E2516700B40B04 /* AppDelegate.m in Sources */,
				0161FA7518E2518300B40B04 /* MainViewController.m in Sources */,
				0161FA4F18E2516700B40B04 /* main.m in Sources */,
			);
			runOnlyForDeploymentPostprocessing = 0;
		};
		0161FA5618E2516700B40B04 /* Sources */ = {
			isa = PBXSourcesBuildPhase;
			buildActionMask = 2147483647;
			files = (
				0161FA6818E2516700B40B04 /* iSampleDocumentTests.m in Sources */,
			);
			runOnlyForDeploymentPostprocessing = 0;
		};
/* End PBXSourcesBuildPhase section */

/* Begin PBXTargetDependency section */
		0161FA6018E2516700B40B04 /* PBXTargetDependency */ = {
			isa = PBXTargetDependency;
			target = 0161FA3E18E2516700B40B04 /* iSampleDocument */;
			targetProxy = 0161FA5F18E2516700B40B04 /* PBXContainerItemProxy */;
		};
/* End PBXTargetDependency section */

/* Begin PBXVariantGroup section */
		0161FA4B18E2516700B40B04 /* InfoPlist.strings */ = {
			isa = PBXVariantGroup;
			children = (
				0161FA4C18E2516700B40B04 /* en */,
			);
			name = InfoPlist.strings;
			sourceTree = "<group>";
		};
		0161FA6418E2516700B40B04 /* InfoPlist.strings */ = {
			isa = PBXVariantGroup;
			children = (
				0161FA6518E2516700B40B04 /* en */,
			);
			name = InfoPlist.strings;
			sourceTree = "<group>";
		};
/* End PBXVariantGroup section */

/* Begin XCBuildConfiguration section */
		0161FA6918E2516700B40B04 /* Debug */ = {
			isa = XCBuildConfiguration;
			buildSettings = {
				ALWAYS_SEARCH_USER_PATHS = NO;
				CLANG_CXX_LANGUAGE_STANDARD = "gnu++0x";
				CLANG_CXX_LIBRARY = "libc++";
				CLANG_ENABLE_MODULES = YES;
				CLANG_ENABLE_OBJC_ARC = YES;
				CLANG_WARN_BOOL_CONVERSION = YES;
				CLANG_WARN_CONSTANT_CONVERSION = YES;
				CLANG_WARN_DIRECT_OBJC_ISA_USAGE = YES_ERROR;
				CLANG_WARN_EMPTY_BODY = YES;
				CLANG_WARN_ENUM_CONVERSION = YES;
				CLANG_WARN_INT_CONVERSION = YES;
				CLANG_WARN_OBJC_ROOT_CLASS = YES_ERROR;
				CLANG_WARN__DUPLICATE_METHOD_MATCH = YES;
				"CODE_SIGN_IDENTITY[sdk=iphoneos*]" = "iPhone Developer";
				COPY_PHASE_STRIP = NO;
				GCC_C_LANGUAGE_STANDARD = gnu99;
				GCC_DYNAMIC_NO_PIC = NO;
				GCC_OPTIMIZATION_LEVEL = 0;
				GCC_PREPROCESSOR_DEFINITIONS = (
					"DEBUG=1",
					"$(inherited)",
				);
				GCC_SYMBOLS_PRIVATE_EXTERN = NO;
				GCC_WARN_64_TO_32_BIT_CONVERSION = YES;
				GCC_WARN_ABOUT_RETURN_TYPE = YES_ERROR;
				GCC_WARN_UNDECLARED_SELECTOR = YES;
				GCC_WARN_UNINITIALIZED_AUTOS = YES_AGGRESSIVE;
				GCC_WARN_UNUSED_FUNCTION = YES;
				GCC_WARN_UNUSED_VARIABLE = YES;
				IPHONEOS_DEPLOYMENT_TARGET = 7.1;
				ONLY_ACTIVE_ARCH = YES;
				SDKROOT = iphoneos;
				TARGETED_DEVICE_FAMILY = "1,2";
			};
			name = Debug;
		};
		0161FA6A18E2516700B40B04 /* Release */ = {
			isa = XCBuildConfiguration;
			buildSettings = {
				ALWAYS_SEARCH_USER_PATHS = NO;
				CLANG_CXX_LANGUAGE_STANDARD = "gnu++0x";
				CLANG_CXX_LIBRARY = "libc++";
				CLANG_ENABLE_MODULES = YES;
				CLANG_ENABLE_OBJC_ARC = YES;
				CLANG_WARN_BOOL_CONVERSION = YES;
				CLANG_WARN_CONSTANT_CONVERSION = YES;
				CLANG_WARN_DIRECT_OBJC_ISA_USAGE = YES_ERROR;
				CLANG_WARN_EMPTY_BODY = YES;
				CLANG_WARN_ENUM_CONVERSION = YES;
				CLANG_WARN_INT_CONVERSION = YES;
				CLANG_WARN_OBJC_ROOT_CLASS = YES_ERROR;
				CLANG_WARN__DUPLICATE_METHOD_MATCH = YES;
				"CODE_SIGN_IDENTITY[sdk=iphoneos*]" = "iPhone Developer";
				COPY_PHASE_STRIP = YES;
				ENABLE_NS_ASSERTIONS = NO;
				GCC_C_LANGUAGE_STANDARD = gnu99;
				GCC_WARN_64_TO_32_BIT_CONVERSION = YES;
				GCC_WARN_ABOUT_RETURN_TYPE = YES_ERROR;
				GCC_WARN_UNDECLARED_SELECTOR = YES;
				GCC_WARN_UNINITIALIZED_AUTOS = YES_AGGRESSIVE;
				GCC_WARN_UNUSED_FUNCTION = YES;
				GCC_WARN_UNUSED_VARIABLE = YES;
				IPHONEOS_DEPLOYMENT_TARGET = 7.1;
				SDKROOT = iphoneos;
				TARGETED_DEVICE_FAMILY = "1,2";
				VALIDATE_PRODUCT = YES;
			};
			name = Release;
		};
		0161FA6C18E2516700B40B04 /* Debug */ = {
			isa = XCBuildConfiguration;
			buildSettings = {
				ASSETCATALOG_COMPILER_APPICON_NAME = AppIcon;
				ASSETCATALOG_COMPILER_LAUNCHIMAGE_NAME = LaunchImage;
				CODE_SIGN_ENTITLEMENTS = iSampleDocument/iSampleDocument.entitlements;
				GCC_PRECOMPILE_PREFIX_HEADER = YES;
				GCC_PREFIX_HEADER = "iSampleDocument/iSampleDocument-Prefix.pch";
				INFOPLIST_FILE = "iSampleDocument/iSampleDocument-Info.plist";
				PRODUCT_NAME = "$(TARGET_NAME)";
				WRAPPER_EXTENSION = app;
			};
			name = Debug;
		};
		0161FA6D18E2516700B40B04 /* Release */ = {
			isa = XCBuildConfiguration;
			buildSettings = {
				ASSETCATALOG_COMPILER_APPICON_NAME = AppIcon;
				ASSETCATALOG_COMPILER_LAUNCHIMAGE_NAME = LaunchImage;
				CODE_SIGN_ENTITLEMENTS = iSampleDocument/iSampleDocument.entitlements;
				GCC_PRECOMPILE_PREFIX_HEADER = YES;
				GCC_PREFIX_HEADER = "iSampleDocument/iSampleDocument-Prefix.pch";
				INFOPLIST_FILE = "iSampleDocument/iSampleDocument-Info.plist";
				PRODUCT_NAME = "$(TARGET_NAME)";
				WRAPPER_EXTENSION = app;
			};
			name = Release;
		};
		0161FA6F18E2516700B40B04 /* Debug */ = {
			isa = XCBuildConfiguration;
			buildSettings = {
				BUNDLE_LOADER = "$(BUILT_PRODUCTS_DIR)/iSampleDocument.app/iSampleDocument";
				FRAMEWORK_SEARCH_PATHS = (
					"$(SDKROOT)/Developer/Library/Frameworks",
					"$(inherited)",
					"$(DEVELOPER_FRAMEWORKS_DIR)",
				);
				GCC_PRECOMPILE_PREFIX_HEADER = YES;
				GCC_PREFIX_HEADER = "iSampleDocument/iSampleDocument-Prefix.pch";
				GCC_PREPROCESSOR_DEFINITIONS = (
					"DEBUG=1",
					"$(inherited)",
				);
				INFOPLIST_FILE = "iSampleDocumentTests/iSampleDocumentTests-Info.plist";
				PRODUCT_NAME = "$(TARGET_NAME)";
				TEST_HOST = "$(BUNDLE_LOADER)";
				WRAPPER_EXTENSION = xctest;
			};
			name = Debug;
		};
		0161FA7018E2516700B40B04 /* Release */ = {
			isa = XCBuildConfiguration;
			buildSettings = {
				BUNDLE_LOADER = "$(BUILT_PRODUCTS_DIR)/iSampleDocument.app/iSampleDocument";
				FRAMEWORK_SEARCH_PATHS = (
					"$(SDKROOT)/Developer/Library/Frameworks",
					"$(inherited)",
					"$(DEVELOPER_FRAMEWORKS_DIR)",
				);
				GCC_PRECOMPILE_PREFIX_HEADER = YES;
				GCC_PREFIX_HEADER = "iSampleDocument/iSampleDocument-Prefix.pch";
				INFOPLIST_FILE = "iSampleDocumentTests/iSampleDocumentTests-Info.plist";
				PRODUCT_NAME = "$(TARGET_NAME)";
				TEST_HOST = "$(BUNDLE_LOADER)";
				WRAPPER_EXTENSION = xctest;
			};
			name = Release;
		};
/* End XCBuildConfiguration section */

/* Begin XCConfigurationList section */
		0161FA3A18E2516700B40B04 /* Build configuration list for PBXProject "iSampleDocument" */ = {
			isa = XCConfigurationList;
			buildConfigurations = (
				0161FA6918E2516700B40B04 /* Debug */,
				0161FA6A18E2516700B40B04 /* Release */,
			);
			defaultConfigurationIsVisible = 0;
			defaultConfigurationName = Release;
		};
		0161FA6B18E2516700B40B04 /* Build configuration list for PBXNativeTarget "iSampleDocument" */ = {
			isa = XCConfigurationList;
			buildConfigurations = (
				0161FA6C18E2516700B40B04 /* Debug */,
				0161FA6D18E2516700B40B04 /* Release */,
			);
			defaultConfigurationIsVisible = 0;
		};
		0161FA6E18E2516700B40B04 /* Build configuration list for PBXNativeTarget "iSampleDocumentTests" */ = {
			isa = XCConfigurationList;
			buildConfigurations = (
				0161FA6F18E2516700B40B04 /* Debug */,
				0161FA7018E2516700B40B04 /* Release */,
			);
			defaultConfigurationIsVisible = 0;
		};
/* End XCConfigurationList section */
	};
	rootObject = 0161FA3718E2516700B40B04 /* Project object */;
}
