// !$*UTF8*$!
{
	archiveVersion = 1;
	classes = {
	};
	objectVersion = 46;
	objects = {

/* Begin PBXBuildFile section */
		01B074C91B4953BF0096651A /* AppDelegate.swift in Sources */ = {isa = PBXBuildFile; fileRef = 01B074C81B4953BF0096651A /* AppDelegate.swift */; };
		01B074CB1B4953BF0096651A /* ViewController.swift in Sources */ = {isa = PBXBuildFile; fileRef = 01B074CA1B4953BF0096651A /* ViewController.swift */; };
		01B074CE1B4953BF0096651A /* Main.storyboard in Resources */ = {isa = PBXBuildFile; fileRef = 01B074CC1B4953BF0096651A /* Main.storyboard */; };
		01B074D01B4953BF0096651A /* Images.xcassets in Resources */ = {isa = PBXBuildFile; fileRef = 01B074CF1B4953BF0096651A /* Images.xcassets */; };
		01B074D31B4953BF0096651A /* LaunchScreen.xib in Resources */ = {isa = PBXBuildFile; fileRef = 01B074D11B4953BF0096651A /* LaunchScreen.xib */; };
		01B074DF1B4953BF0096651A /* MultiPeerTests.swift in Sources */ = {isa = PBXBuildFile; fileRef = 01B074DE1B4953BF0096651A /* MultiPeerTests.swift */; };
/* End PBXBuildFile section */

/* Begin PBXContainerItemProxy section */
		01B074D91B4953BF0096651A /* PBXContainerItemProxy */ = {
			isa = PBXContainerItemProxy;
			containerPortal = 01B074BB1B4953BF0096651A /* Project object */;
			proxyType = 1;
			remoteGlobalIDString = 01B074C21B4953BF0096651A;
			remoteInfo = MultiPeer;
		};
/* End PBXContainerItemProxy section */

/* Begin PBXFileReference section */
		01B074C31B4953BF0096651A /* MultiPeer.app */ = {isa = PBXFileReference; explicitFileType = wrapper.application; includeInIndex = 0; path = MultiPeer.app; sourceTree = BUILT_PRODUCTS_DIR; };
		01B074C71B4953BF0096651A /* Info.plist */ = {isa = PBXFileReference; lastKnownFileType = text.plist.xml; path = Info.plist; sourceTree = "<group>"; };
		01B074C81B4953BF0096651A /* AppDelegate.swift */ = {isa = PBXFileReference; lastKnownFileType = sourcecode.swift; path = AppDelegate.swift; sourceTree = "<group>"; };
		01B074CA1B4953BF0096651A /* ViewController.swift */ = {isa = PBXFileReference; lastKnownFileType = sourcecode.swift; path = ViewController.swift; sourceTree = "<group>"; };
		01B074CD1B4953BF0096651A /* Base */ = {isa = PBXFileReference; lastKnownFileType = file.storyboard; name = Base; path = Base.lproj/Main.storyboard; sourceTree = "<group>"; };
		01B074CF1B4953BF0096651A /* Images.xcassets */ = {isa = PBXFileReference; lastKnownFileType = folder.assetcatalog; path = Images.xcassets; sourceTree = "<group>"; };
		01B074D21B4953BF0096651A /* Base */ = {isa = PBXFileReference; lastKnownFileType = file.xib; name = Base; path = Base.lproj/LaunchScreen.xib; sourceTree = "<group>"; };
		01B074D81B4953BF0096651A /* MultiPeerTests.xctest */ = {isa = PBXFileReference; explicitFileType = wrapper.cfbundle; includeInIndex = 0; path = MultiPeerTests.xctest; sourceTree = BUILT_PRODUCTS_DIR; };
		01B074DD1B4953BF0096651A /* Info.plist */ = {isa = PBXFileReference; lastKnownFileType = text.plist.xml; path = Info.plist; sourceTree = "<group>"; };
		01B074DE1B4953BF0096651A /* MultiPeerTests.swift */ = {isa = PBXFileReference; lastKnownFileType = sourcecode.swift; path = MultiPeerTests.swift; sourceTree = "<group>"; };
/* End PBXFileReference section */

/* Begin PBXFrameworksBuildPhase section */
		01B074C01B4953BF0096651A /* Frameworks */ = {
			isa = PBXFrameworksBuildPhase;
			buildActionMask = 2147483647;
			files = (
			);
			runOnlyForDeploymentPostprocessing = 0;
		};
		01B074D51B4953BF0096651A /* Frameworks */ = {
			isa = PBXFrameworksBuildPhase;
			buildActionMask = 2147483647;
			files = (
			);
			runOnlyForDeploymentPostprocessing = 0;
		};
/* End PBXFrameworksBuildPhase section */

/* Begin PBXGroup section */
		01B074BA1B4953BF0096651A = {
			isa = PBXGroup;
			children = (
				01B074C51B4953BF0096651A /* MultiPeer */,
				01B074DB1B4953BF0096651A /* MultiPeerTests */,
				01B074C41B4953BF0096651A /* Products */,
			);
			sourceTree = "<group>";
		};
		01B074C41B4953BF0096651A /* Products */ = {
			isa = PBXGroup;
			children = (
				01B074C31B4953BF0096651A /* MultiPeer.app */,
				01B074D81B4953BF0096651A /* MultiPeerTests.xctest */,
			);
			name = Products;
			sourceTree = "<group>";
		};
		01B074C51B4953BF0096651A /* MultiPeer */ = {
			isa = PBXGroup;
			children = (
				01B074C81B4953BF0096651A /* AppDelegate.swift */,
				01B074CA1B4953BF0096651A /* ViewController.swift */,
				01B074CC1B4953BF0096651A /* Main.storyboard */,
				01B074CF1B4953BF0096651A /* Images.xcassets */,
				01B074D11B4953BF0096651A /* LaunchScreen.xib */,
				01B074C61B4953BF0096651A /* Supporting Files */,
			);
			path = MultiPeer;
			sourceTree = "<group>";
		};
		01B074C61B4953BF0096651A /* Supporting Files */ = {
			isa = PBXGroup;
			children = (
				01B074C71B4953BF0096651A /* Info.plist */,
			);
			name = "Supporting Files";
			sourceTree = "<group>";
		};
		01B074DB1B4953BF0096651A /* MultiPeerTests */ = {
			isa = PBXGroup;
			children = (
				01B074DE1B4953BF0096651A /* MultiPeerTests.swift */,
				01B074DC1B4953BF0096651A /* Supporting Files */,
			);
			path = MultiPeerTests;
			sourceTree = "<group>";
		};
		01B074DC1B4953BF0096651A /* Supporting Files */ = {
			isa = PBXGroup;
			children = (
				01B074DD1B4953BF0096651A /* Info.plist */,
			);
			name = "Supporting Files";
			sourceTree = "<group>";
		};
/* End PBXGroup section */

/* Begin PBXNativeTarget section */
		01B074C21B4953BF0096651A /* MultiPeer */ = {
			isa = PBXNativeTarget;
			buildConfigurationList = 01B074E21B4953BF0096651A /* Build configuration list for PBXNativeTarget "MultiPeer" */;
			buildPhases = (
				01B074BF1B4953BF0096651A /* Sources */,
				01B074C01B4953BF0096651A /* Frameworks */,
				01B074C11B4953BF0096651A /* Resources */,
			);
			buildRules = (
			);
			dependencies = (
			);
			name = MultiPeer;
			productName = MultiPeer;
			productReference = 01B074C31B4953BF0096651A /* MultiPeer.app */;
			productType = "com.apple.product-type.application";
		};
		01B074D71B4953BF0096651A /* MultiPeerTests */ = {
			isa = PBXNativeTarget;
			buildConfigurationList = 01B074E51B4953BF0096651A /* Build configuration list for PBXNativeTarget "MultiPeerTests" */;
			buildPhases = (
				01B074D41B4953BF0096651A /* Sources */,
				01B074D51B4953BF0096651A /* Frameworks */,
				01B074D61B4953BF0096651A /* Resources */,
			);
			buildRules = (
			);
			dependencies = (
				01B074DA1B4953BF0096651A /* PBXTargetDependency */,
			);
			name = MultiPeerTests;
			productName = MultiPeerTests;
			productReference = 01B074D81B4953BF0096651A /* MultiPeerTests.xctest */;
			productType = "com.apple.product-type.bundle.unit-test";
		};
/* End PBXNativeTarget section */

/* Begin PBXProject section */
		01B074BB1B4953BF0096651A /* Project object */ = {
			isa = PBXProject;
			attributes = {
				LastUpgradeCheck = 0640;
				ORGANIZATIONNAME = breder;
				TargetAttributes = {
					01B074C21B4953BF0096651A = {
						CreatedOnToolsVersion = 6.4;
						DevelopmentTeam = NF8525TU2D;
					};
					01B074D71B4953BF0096651A = {
						CreatedOnToolsVersion = 6.4;
						TestTargetID = 01B074C21B4953BF0096651A;
					};
				};
			};
			buildConfigurationList = 01B074BE1B4953BF0096651A /* Build configuration list for PBXProject "MultiPeer" */;
			compatibilityVersion = "Xcode 3.2";
			developmentRegion = English;
			hasScannedForEncodings = 0;
			knownRegions = (
				en,
				Base,
			);
			mainGroup = 01B074BA1B4953BF0096651A;
			productRefGroup = 01B074C41B4953BF0096651A /* Products */;
			projectDirPath = "";
			projectRoot = "";
			targets = (
				01B074C21B4953BF0096651A /* MultiPeer */,
				01B074D71B4953BF0096651A /* MultiPeerTests */,
			);
		};
/* End PBXProject section */

/* Begin PBXResourcesBuildPhase section */
		01B074C11B4953BF0096651A /* Resources */ = {
			isa = PBXResourcesBuildPhase;
			buildActionMask = 2147483647;
			files = (
				01B074CE1B4953BF0096651A /* Main.storyboard in Resources */,
				01B074D31B4953BF0096651A /* LaunchScreen.xib in Resources */,
				01B074D01B4953BF0096651A /* Images.xcassets in Resources */,
			);
			runOnlyForDeploymentPostprocessing = 0;
		};
		01B074D61B4953BF0096651A /* Resources */ = {
			isa = PBXResourcesBuildPhase;
			buildActionMask = 2147483647;
			files = (
			);
			runOnlyForDeploymentPostprocessing = 0;
		};
/* End PBXResourcesBuildPhase section */

/* Begin PBXSourcesBuildPhase section */
		01B074BF1B4953BF0096651A /* Sources */ = {
			isa = PBXSourcesBuildPhase;
			buildActionMask = 2147483647;
			files = (
				01B074CB1B4953BF0096651A /* ViewController.swift in Sources */,
				01B074C91B4953BF0096651A /* AppDelegate.swift in Sources */,
			);
			runOnlyForDeploymentPostprocessing = 0;
		};
		01B074D41B4953BF0096651A /* Sources */ = {
			isa = PBXSourcesBuildPhase;
			buildActionMask = 2147483647;
			files = (
				01B074DF1B4953BF0096651A /* MultiPeerTests.swift in Sources */,
			);
			runOnlyForDeploymentPostprocessing = 0;
		};
/* End PBXSourcesBuildPhase section */

/* Begin PBXTargetDependency section */
		01B074DA1B4953BF0096651A /* PBXTargetDependency */ = {
			isa = PBXTargetDependency;
			target = 01B074C21B4953BF0096651A /* MultiPeer */;
			targetProxy = 01B074D91B4953BF0096651A /* PBXContainerItemProxy */;
		};
/* End PBXTargetDependency section */

/* Begin PBXVariantGroup section */
		01B074CC1B4953BF0096651A /* Main.storyboard */ = {
			isa = PBXVariantGroup;
			children = (
				01B074CD1B4953BF0096651A /* Base */,
			);
			name = Main.storyboard;
			sourceTree = "<group>";
		};
		01B074D11B4953BF0096651A /* LaunchScreen.xib */ = {
			isa = PBXVariantGroup;
			children = (
				01B074D21B4953BF0096651A /* Base */,
			);
			name = LaunchScreen.xib;
			sourceTree = "<group>";
		};
/* End PBXVariantGroup section */

/* Begin XCBuildConfiguration section */
		01B074E01B4953BF0096651A /* Debug */ = {
			isa = XCBuildConfiguration;
			buildSettings = {
				ALWAYS_SEARCH_USER_PATHS = NO;
				CLANG_CXX_LANGUAGE_STANDARD = "gnu++0x";
				CLANG_CXX_LIBRARY = "libc++";
				CLANG_ENABLE_MODULES = YES;
				CLANG_ENABLE_OBJC_ARC = YES;
				CLANG_WARN_BOOL_CONVERSION = YES;
				CLANG_WARN_CONSTANT_CONVERSION = YES;
				CLANG_WARN_DIRECT_OBJC_ISA_USAGE = YES_ERROR;
				CLANG_WARN_EMPTY_BODY = YES;
				CLANG_WARN_ENUM_CONVERSION = YES;
				CLANG_WARN_INT_CONVERSION = YES;
				CLANG_WARN_OBJC_ROOT_CLASS = YES_ERROR;
				CLANG_WARN_UNREACHABLE_CODE = YES;
				CLANG_WARN__DUPLICATE_METHOD_MATCH = YES;
				"CODE_SIGN_IDENTITY[sdk=iphoneos*]" = "iPhone Developer";
				COPY_PHASE_STRIP = NO;
				DEBUG_INFORMATION_FORMAT = "dwarf-with-dsym";
				ENABLE_STRICT_OBJC_MSGSEND = YES;
				GCC_C_LANGUAGE_STANDARD = gnu99;
				GCC_DYNAMIC_NO_PIC = NO;
				GCC_NO_COMMON_BLOCKS = YES;
				GCC_OPTIMIZATION_LEVEL = 0;
				GCC_PREPROCESSOR_DEFINITIONS = (
					"DEBUG=1",
					"$(inherited)",
				);
				GCC_SYMBOLS_PRIVATE_EXTERN = NO;
				GCC_WARN_64_TO_32_BIT_CONVERSION = YES;
				GCC_WARN_ABOUT_RETURN_TYPE = YES_ERROR;
				GCC_WARN_UNDECLARED_SELECTOR = YES;
				GCC_WARN_UNINITIALIZED_AUTOS = YES_AGGRESSIVE;
				GCC_WARN_UNUSED_FUNCTION = YES;
				GCC_WARN_UNUSED_VARIABLE = YES;
				IPHONEOS_DEPLOYMENT_TARGET = 8.4;
				MTL_ENABLE_DEBUG_INFO = YES;
				ONLY_ACTIVE_ARCH = YES;
				SDKROOT = iphoneos;
				SWIFT_OPTIMIZATION_LEVEL = "-Onone";
				TARGETED_DEVICE_FAMILY = "1,2";
			};
			name = Debug;
		};
		01B074E11B4953BF0096651A /* Release */ = {
			isa = XCBuildConfiguration;
			buildSettings = {
				ALWAYS_SEARCH_USER_PATHS = NO;
				CLANG_CXX_LANGUAGE_STANDARD = "gnu++0x";
				CLANG_CXX_LIBRARY = "libc++";
				CLANG_ENABLE_MODULES = YES;
				CLANG_ENABLE_OBJC_ARC = YES;
				CLANG_WARN_BOOL_CONVERSION = YES;
				CLANG_WARN_CONSTANT_CONVERSION = YES;
				CLANG_WARN_DIRECT_OBJC_ISA_USAGE = YES_ERROR;
				CLANG_WARN_EMPTY_BODY = YES;
				CLANG_WARN_ENUM_CONVERSION = YES;
				CLANG_WARN_INT_CONVERSION = YES;
				CLANG_WARN_OBJC_ROOT_CLASS = YES_ERROR;
				CLANG_WARN_UNREACHABLE_CODE = YES;
				CLANG_WARN__DUPLICATE_METHOD_MATCH = YES;
				"CODE_SIGN_IDENTITY[sdk=iphoneos*]" = "iPhone Developer";
				COPY_PHASE_STRIP = NO;
				DEBUG_INFORMATION_FORMAT = "dwarf-with-dsym";
				ENABLE_NS_ASSERTIONS = NO;
				ENABLE_STRICT_OBJC_MSGSEND = YES;
				GCC_C_LANGUAGE_STANDARD = gnu99;
				GCC_NO_COMMON_BLOCKS = YES;
				GCC_WARN_64_TO_32_BIT_CONVERSION = YES;
				GCC_WARN_ABOUT_RETURN_TYPE = YES_ERROR;
				GCC_WARN_UNDECLARED_SELECTOR = YES;
				GCC_WARN_UNINITIALIZED_AUTOS = YES_AGGRESSIVE;
				GCC_WARN_UNUSED_FUNCTION = YES;
				GCC_WARN_UNUSED_VARIABLE = YES;
				IPHONEOS_DEPLOYMENT_TARGET = 8.4;
				MTL_ENABLE_DEBUG_INFO = NO;
				SDKROOT = iphoneos;
				TARGETED_DEVICE_FAMILY = "1,2";
				VALIDATE_PRODUCT = YES;
			};
			name = Release;
		};
		01B074E31B4953BF0096651A /* Debug */ = {
			isa = XCBuildConfiguration;
			buildSettings = {
				ASSETCATALOG_COMPILER_APPICON_NAME = AppIcon;
				CODE_SIGN_IDENTITY = "iPhone Developer";
				"CODE_SIGN_IDENTITY[sdk=iphoneos*]" = "iPhone Developer";
				INFOPLIST_FILE = MultiPeer/Info.plist;
				LD_RUNPATH_SEARCH_PATHS = "$(inherited) @executable_path/Frameworks";
				PRODUCT_NAME = "$(TARGET_NAME)";
				PROVISIONING_PROFILE = "";
			};
			name = Debug;
		};
		01B074E41B4953BF0096651A /* Release */ = {
			isa = XCBuildConfiguration;
			buildSettings = {
				ASSETCATALOG_COMPILER_APPICON_NAME = AppIcon;
				CODE_SIGN_IDENTITY = "iPhone Developer";
				"CODE_SIGN_IDENTITY[sdk=iphoneos*]" = "iPhone Developer";
				INFOPLIST_FILE = MultiPeer/Info.plist;
				LD_RUNPATH_SEARCH_PATHS = "$(inherited) @executable_path/Frameworks";
				PRODUCT_NAME = "$(TARGET_NAME)";
				PROVISIONING_PROFILE = "";
			};
			name = Release;
		};
		01B074E61B4953BF0096651A /* Debug */ = {
			isa = XCBuildConfiguration;
			buildSettings = {
				BUNDLE_LOADER = "$(TEST_HOST)";
				FRAMEWORK_SEARCH_PATHS = (
					"$(SDKROOT)/Developer/Library/Frameworks",
					"$(inherited)",
				);
				GCC_PREPROCESSOR_DEFINITIONS = (
					"DEBUG=1",
					"$(inherited)",
				);
				INFOPLIST_FILE = MultiPeerTests/Info.plist;
				LD_RUNPATH_SEARCH_PATHS = "$(inherited) @executable_path/Frameworks @loader_path/Frameworks";
				PRODUCT_NAME = "$(TARGET_NAME)";
				TEST_HOST = "$(BUILT_PRODUCTS_DIR)/MultiPeer.app/MultiPeer";
			};
			name = Debug;
		};
		01B074E71B4953BF0096651A /* Release */ = {
			isa = XCBuildConfiguration;
			buildSettings = {
				BUNDLE_LOADER = "$(TEST_HOST)";
				FRAMEWORK_SEARCH_PATHS = (
					"$(SDKROOT)/Developer/Library/Frameworks",
					"$(inherited)",
				);
				INFOPLIST_FILE = MultiPeerTests/Info.plist;
				LD_RUNPATH_SEARCH_PATHS = "$(inherited) @executable_path/Frameworks @loader_path/Frameworks";
				PRODUCT_NAME = "$(TARGET_NAME)";
				TEST_HOST = "$(BUILT_PRODUCTS_DIR)/MultiPeer.app/MultiPeer";
			};
			name = Release;
		};
/* End XCBuildConfiguration section */

/* Begin XCConfigurationList section */
		01B074BE1B4953BF0096651A /* Build configuration list for PBXProject "MultiPeer" */ = {
			isa = XCConfigurationList;
			buildConfigurations = (
				01B074E01B4953BF0096651A /* Debug */,
				01B074E11B4953BF0096651A /* Release */,
			);
			defaultConfigurationIsVisible = 0;
			defaultConfigurationName = Release;
		};
		01B074E21B4953BF0096651A /* Build configuration list for PBXNativeTarget "MultiPeer" */ = {
			isa = XCConfigurationList;
			buildConfigurations = (
				01B074E31B4953BF0096651A /* Debug */,
				01B074E41B4953BF0096651A /* Release */,
			);
			defaultConfigurationIsVisible = 0;
			defaultConfigurationName = Release;
		};
		01B074E51B4953BF0096651A /* Build configuration list for PBXNativeTarget "MultiPeerTests" */ = {
			isa = XCConfigurationList;
			buildConfigurations = (
				01B074E61B4953BF0096651A /* Debug */,
				01B074E71B4953BF0096651A /* Release */,
			);
			defaultConfigurationIsVisible = 0;
			defaultConfigurationName = Release;
		};
/* End XCConfigurationList section */
	};
	rootObject = 01B074BB1B4953BF0096651A /* Project object */;
}
