// !$*UTF8*$!
{
	archiveVersion = 1;
	classes = {
	};
	objectVersion = 46;
	objects = {

/* Begin PBXBuildFile section */
		0158A5AA18C6105C00AB3ECF /* Foundation.framework in Frameworks */ = {isa = PBXBuildFile; fileRef = 0158A5A918C6105C00AB3ECF /* Foundation.framework */; };
		0158A5AC18C6105C00AB3ECF /* CoreGraphics.framework in Frameworks */ = {isa = PBXBuildFile; fileRef = 0158A5AB18C6105C00AB3ECF /* CoreGraphics.framework */; };
		0158A5AE18C6105C00AB3ECF /* UIKit.framework in Frameworks */ = {isa = PBXBuildFile; fileRef = 0158A5AD18C6105C00AB3ECF /* UIKit.framework */; };
		0158A5B418C6105C00AB3ECF /* InfoPlist.strings in Resources */ = {isa = PBXBuildFile; fileRef = 0158A5B218C6105C00AB3ECF /* InfoPlist.strings */; };
		0158A5B618C6105C00AB3ECF /* main.m in Sources */ = {isa = PBXBuildFile; fileRef = 0158A5B518C6105C00AB3ECF /* main.m */; };
		0158A5BA18C6105C00AB3ECF /* AppDelegate.m in Sources */ = {isa = PBXBuildFile; fileRef = 0158A5B918C6105C00AB3ECF /* AppDelegate.m */; };
		0158A5BC18C6105C00AB3ECF /* Images.xcassets in Resources */ = {isa = PBXBuildFile; fileRef = 0158A5BB18C6105C00AB3ECF /* Images.xcassets */; };
		0158A5C318C6105C00AB3ECF /* XCTest.framework in Frameworks */ = {isa = PBXBuildFile; fileRef = 0158A5C218C6105C00AB3ECF /* XCTest.framework */; };
		0158A5C418C6105C00AB3ECF /* Foundation.framework in Frameworks */ = {isa = PBXBuildFile; fileRef = 0158A5A918C6105C00AB3ECF /* Foundation.framework */; };
		0158A5C518C6105D00AB3ECF /* UIKit.framework in Frameworks */ = {isa = PBXBuildFile; fileRef = 0158A5AD18C6105C00AB3ECF /* UIKit.framework */; };
		0158A5CD18C6105D00AB3ECF /* InfoPlist.strings in Resources */ = {isa = PBXBuildFile; fileRef = 0158A5CB18C6105D00AB3ECF /* InfoPlist.strings */; };
		0158A5CF18C6105D00AB3ECF /* iTestMotionTests.m in Sources */ = {isa = PBXBuildFile; fileRef = 0158A5CE18C6105D00AB3ECF /* iTestMotionTests.m */; };
		0158A5DB18C610A100AB3ECF /* MotionViewController.m in Sources */ = {isa = PBXBuildFile; fileRef = 0158A5DA18C610A100AB3ECF /* MotionViewController.m */; };
/* End PBXBuildFile section */

/* Begin PBXContainerItemProxy section */
		0158A5C618C6105D00AB3ECF /* PBXContainerItemProxy */ = {
			isa = PBXContainerItemProxy;
			containerPortal = 0158A59E18C6105C00AB3ECF /* Project object */;
			proxyType = 1;
			remoteGlobalIDString = 0158A5A518C6105C00AB3ECF;
			remoteInfo = iTestMotion;
		};
/* End PBXContainerItemProxy section */

/* Begin PBXFileReference section */
		0158A5A618C6105C00AB3ECF /* iTestMotion.app */ = {isa = PBXFileReference; explicitFileType = wrapper.application; includeInIndex = 0; path = iTestMotion.app; sourceTree = BUILT_PRODUCTS_DIR; };
		0158A5A918C6105C00AB3ECF /* Foundation.framework */ = {isa = PBXFileReference; lastKnownFileType = wrapper.framework; name = Foundation.framework; path = System/Library/Frameworks/Foundation.framework; sourceTree = SDKROOT; };
		0158A5AB18C6105C00AB3ECF /* CoreGraphics.framework */ = {isa = PBXFileReference; lastKnownFileType = wrapper.framework; name = CoreGraphics.framework; path = System/Library/Frameworks/CoreGraphics.framework; sourceTree = SDKROOT; };
		0158A5AD18C6105C00AB3ECF /* UIKit.framework */ = {isa = PBXFileReference; lastKnownFileType = wrapper.framework; name = UIKit.framework; path = System/Library/Frameworks/UIKit.framework; sourceTree = SDKROOT; };
		0158A5B118C6105C00AB3ECF /* iTestMotion-Info.plist */ = {isa = PBXFileReference; lastKnownFileType = text.plist.xml; path = "iTestMotion-Info.plist"; sourceTree = "<group>"; };
		0158A5B318C6105C00AB3ECF /* en */ = {isa = PBXFileReference; lastKnownFileType = text.plist.strings; name = en; path = en.lproj/InfoPlist.strings; sourceTree = "<group>"; };
		0158A5B518C6105C00AB3ECF /* main.m */ = {isa = PBXFileReference; lastKnownFileType = sourcecode.c.objc; path = main.m; sourceTree = "<group>"; };
		0158A5B718C6105C00AB3ECF /* iTestMotion-Prefix.pch */ = {isa = PBXFileReference; lastKnownFileType = sourcecode.c.h; path = "iTestMotion-Prefix.pch"; sourceTree = "<group>"; };
		0158A5B818C6105C00AB3ECF /* AppDelegate.h */ = {isa = PBXFileReference; lastKnownFileType = sourcecode.c.h; path = AppDelegate.h; sourceTree = "<group>"; };
		0158A5B918C6105C00AB3ECF /* AppDelegate.m */ = {isa = PBXFileReference; lastKnownFileType = sourcecode.c.objc; path = AppDelegate.m; sourceTree = "<group>"; };
		0158A5BB18C6105C00AB3ECF /* Images.xcassets */ = {isa = PBXFileReference; lastKnownFileType = folder.assetcatalog; path = Images.xcassets; sourceTree = "<group>"; };
		0158A5C118C6105C00AB3ECF /* iTestMotionTests.xctest */ = {isa = PBXFileReference; explicitFileType = wrapper.cfbundle; includeInIndex = 0; path = iTestMotionTests.xctest; sourceTree = BUILT_PRODUCTS_DIR; };
		0158A5C218C6105C00AB3ECF /* XCTest.framework */ = {isa = PBXFileReference; lastKnownFileType = wrapper.framework; name = XCTest.framework; path = Library/Frameworks/XCTest.framework; sourceTree = DEVELOPER_DIR; };
		0158A5CA18C6105D00AB3ECF /* iTestMotionTests-Info.plist */ = {isa = PBXFileReference; lastKnownFileType = text.plist.xml; path = "iTestMotionTests-Info.plist"; sourceTree = "<group>"; };
		0158A5CC18C6105D00AB3ECF /* en */ = {isa = PBXFileReference; lastKnownFileType = text.plist.strings; name = en; path = en.lproj/InfoPlist.strings; sourceTree = "<group>"; };
		0158A5CE18C6105D00AB3ECF /* iTestMotionTests.m */ = {isa = PBXFileReference; lastKnownFileType = sourcecode.c.objc; path = iTestMotionTests.m; sourceTree = "<group>"; };
		0158A5D918C610A100AB3ECF /* MotionViewController.h */ = {isa = PBXFileReference; fileEncoding = 4; lastKnownFileType = sourcecode.c.h; name = MotionViewController.h; path = MotionController/MotionViewController.h; sourceTree = "<group>"; };
		0158A5DA18C610A100AB3ECF /* MotionViewController.m */ = {isa = PBXFileReference; fileEncoding = 4; lastKnownFileType = sourcecode.c.objc; name = MotionViewController.m; path = MotionController/MotionViewController.m; sourceTree = "<group>"; };
/* End PBXFileReference section */

/* Begin PBXFrameworksBuildPhase section */
		0158A5A318C6105C00AB3ECF /* Frameworks */ = {
			isa = PBXFrameworksBuildPhase;
			buildActionMask = 2147483647;
			files = (
				0158A5AC18C6105C00AB3ECF /* CoreGraphics.framework in Frameworks */,
				0158A5AE18C6105C00AB3ECF /* UIKit.framework in Frameworks */,
				0158A5AA18C6105C00AB3ECF /* Foundation.framework in Frameworks */,
			);
			runOnlyForDeploymentPostprocessing = 0;
		};
		0158A5BE18C6105C00AB3ECF /* Frameworks */ = {
			isa = PBXFrameworksBuildPhase;
			buildActionMask = 2147483647;
			files = (
				0158A5C318C6105C00AB3ECF /* XCTest.framework in Frameworks */,
				0158A5C518C6105D00AB3ECF /* UIKit.framework in Frameworks */,
				0158A5C418C6105C00AB3ECF /* Foundation.framework in Frameworks */,
			);
			runOnlyForDeploymentPostprocessing = 0;
		};
/* End PBXFrameworksBuildPhase section */

/* Begin PBXGroup section */
		0158A59D18C6105C00AB3ECF = {
			isa = PBXGroup;
			children = (
				0158A5D818C6108700AB3ECF /* MotionController */,
				0158A5AF18C6105C00AB3ECF /* iTestMotion */,
				0158A5C818C6105D00AB3ECF /* iTestMotionTests */,
				0158A5A818C6105C00AB3ECF /* Frameworks */,
				0158A5A718C6105C00AB3ECF /* Products */,
			);
			sourceTree = "<group>";
		};
		0158A5A718C6105C00AB3ECF /* Products */ = {
			isa = PBXGroup;
			children = (
				0158A5A618C6105C00AB3ECF /* iTestMotion.app */,
				0158A5C118C6105C00AB3ECF /* iTestMotionTests.xctest */,
			);
			name = Products;
			sourceTree = "<group>";
		};
		0158A5A818C6105C00AB3ECF /* Frameworks */ = {
			isa = PBXGroup;
			children = (
				0158A5A918C6105C00AB3ECF /* Foundation.framework */,
				0158A5AB18C6105C00AB3ECF /* CoreGraphics.framework */,
				0158A5AD18C6105C00AB3ECF /* UIKit.framework */,
				0158A5C218C6105C00AB3ECF /* XCTest.framework */,
			);
			name = Frameworks;
			sourceTree = "<group>";
		};
		0158A5AF18C6105C00AB3ECF /* iTestMotion */ = {
			isa = PBXGroup;
			children = (
				0158A5B818C6105C00AB3ECF /* AppDelegate.h */,
				0158A5B918C6105C00AB3ECF /* AppDelegate.m */,
				0158A5BB18C6105C00AB3ECF /* Images.xcassets */,
				0158A5B018C6105C00AB3ECF /* Supporting Files */,
			);
			path = iTestMotion;
			sourceTree = "<group>";
		};
		0158A5B018C6105C00AB3ECF /* Supporting Files */ = {
			isa = PBXGroup;
			children = (
				0158A5B118C6105C00AB3ECF /* iTestMotion-Info.plist */,
				0158A5B218C6105C00AB3ECF /* InfoPlist.strings */,
				0158A5B518C6105C00AB3ECF /* main.m */,
				0158A5B718C6105C00AB3ECF /* iTestMotion-Prefix.pch */,
			);
			name = "Supporting Files";
			sourceTree = "<group>";
		};
		0158A5C818C6105D00AB3ECF /* iTestMotionTests */ = {
			isa = PBXGroup;
			children = (
				0158A5CE18C6105D00AB3ECF /* iTestMotionTests.m */,
				0158A5C918C6105D00AB3ECF /* Supporting Files */,
			);
			path = iTestMotionTests;
			sourceTree = "<group>";
		};
		0158A5C918C6105D00AB3ECF /* Supporting Files */ = {
			isa = PBXGroup;
			children = (
				0158A5CA18C6105D00AB3ECF /* iTestMotionTests-Info.plist */,
				0158A5CB18C6105D00AB3ECF /* InfoPlist.strings */,
			);
			name = "Supporting Files";
			sourceTree = "<group>";
		};
		0158A5D818C6108700AB3ECF /* MotionController */ = {
			isa = PBXGroup;
			children = (
				0158A5D918C610A100AB3ECF /* MotionViewController.h */,
				0158A5DA18C610A100AB3ECF /* MotionViewController.m */,
			);
			name = MotionController;
			sourceTree = "<group>";
		};
/* End PBXGroup section */

/* Begin PBXNativeTarget section */
		0158A5A518C6105C00AB3ECF /* iTestMotion */ = {
			isa = PBXNativeTarget;
			buildConfigurationList = 0158A5D218C6105D00AB3ECF /* Build configuration list for PBXNativeTarget "iTestMotion" */;
			buildPhases = (
				0158A5A218C6105C00AB3ECF /* Sources */,
				0158A5A318C6105C00AB3ECF /* Frameworks */,
				0158A5A418C6105C00AB3ECF /* Resources */,
			);
			buildRules = (
			);
			dependencies = (
			);
			name = iTestMotion;
			productName = iTestMotion;
			productReference = 0158A5A618C6105C00AB3ECF /* iTestMotion.app */;
			productType = "com.apple.product-type.application";
		};
		0158A5C018C6105C00AB3ECF /* iTestMotionTests */ = {
			isa = PBXNativeTarget;
			buildConfigurationList = 0158A5D518C6105D00AB3ECF /* Build configuration list for PBXNativeTarget "iTestMotionTests" */;
			buildPhases = (
				0158A5BD18C6105C00AB3ECF /* Sources */,
				0158A5BE18C6105C00AB3ECF /* Frameworks */,
				0158A5BF18C6105C00AB3ECF /* Resources */,
			);
			buildRules = (
			);
			dependencies = (
				0158A5C718C6105D00AB3ECF /* PBXTargetDependency */,
			);
			name = iTestMotionTests;
			productName = iTestMotionTests;
			productReference = 0158A5C118C6105C00AB3ECF /* iTestMotionTests.xctest */;
			productType = "com.apple.product-type.bundle.unit-test";
		};
/* End PBXNativeTarget section */

/* Begin PBXProject section */
		0158A59E18C6105C00AB3ECF /* Project object */ = {
			isa = PBXProject;
			attributes = {
				LastUpgradeCheck = 0500;
				ORGANIZATIONNAME = "Bernardo Breder";
				TargetAttributes = {
					0158A5C018C6105C00AB3ECF = {
						TestTargetID = 0158A5A518C6105C00AB3ECF;
					};
				};
			};
			buildConfigurationList = 0158A5A118C6105C00AB3ECF /* Build configuration list for PBXProject "iTestMotion" */;
			compatibilityVersion = "Xcode 3.2";
			developmentRegion = English;
			hasScannedForEncodings = 0;
			knownRegions = (
				en,
			);
			mainGroup = 0158A59D18C6105C00AB3ECF;
			productRefGroup = 0158A5A718C6105C00AB3ECF /* Products */;
			projectDirPath = "";
			projectRoot = "";
			targets = (
				0158A5A518C6105C00AB3ECF /* iTestMotion */,
				0158A5C018C6105C00AB3ECF /* iTestMotionTests */,
			);
		};
/* End PBXProject section */

/* Begin PBXResourcesBuildPhase section */
		0158A5A418C6105C00AB3ECF /* Resources */ = {
			isa = PBXResourcesBuildPhase;
			buildActionMask = 2147483647;
			files = (
				0158A5B418C6105C00AB3ECF /* InfoPlist.strings in Resources */,
				0158A5BC18C6105C00AB3ECF /* Images.xcassets in Resources */,
			);
			runOnlyForDeploymentPostprocessing = 0;
		};
		0158A5BF18C6105C00AB3ECF /* Resources */ = {
			isa = PBXResourcesBuildPhase;
			buildActionMask = 2147483647;
			files = (
				0158A5CD18C6105D00AB3ECF /* InfoPlist.strings in Resources */,
			);
			runOnlyForDeploymentPostprocessing = 0;
		};
/* End PBXResourcesBuildPhase section */

/* Begin PBXSourcesBuildPhase section */
		0158A5A218C6105C00AB3ECF /* Sources */ = {
			isa = PBXSourcesBuildPhase;
			buildActionMask = 2147483647;
			files = (
				0158A5BA18C6105C00AB3ECF /* AppDelegate.m in Sources */,
				0158A5B618C6105C00AB3ECF /* main.m in Sources */,
				0158A5DB18C610A100AB3ECF /* MotionViewController.m in Sources */,
			);
			runOnlyForDeploymentPostprocessing = 0;
		};
		0158A5BD18C6105C00AB3ECF /* Sources */ = {
			isa = PBXSourcesBuildPhase;
			buildActionMask = 2147483647;
			files = (
				0158A5CF18C6105D00AB3ECF /* iTestMotionTests.m in Sources */,
			);
			runOnlyForDeploymentPostprocessing = 0;
		};
/* End PBXSourcesBuildPhase section */

/* Begin PBXTargetDependency section */
		0158A5C718C6105D00AB3ECF /* PBXTargetDependency */ = {
			isa = PBXTargetDependency;
			target = 0158A5A518C6105C00AB3ECF /* iTestMotion */;
			targetProxy = 0158A5C618C6105D00AB3ECF /* PBXContainerItemProxy */;
		};
/* End PBXTargetDependency section */

/* Begin PBXVariantGroup section */
		0158A5B218C6105C00AB3ECF /* InfoPlist.strings */ = {
			isa = PBXVariantGroup;
			children = (
				0158A5B318C6105C00AB3ECF /* en */,
			);
			name = InfoPlist.strings;
			sourceTree = "<group>";
		};
		0158A5CB18C6105D00AB3ECF /* InfoPlist.strings */ = {
			isa = PBXVariantGroup;
			children = (
				0158A5CC18C6105D00AB3ECF /* en */,
			);
			name = InfoPlist.strings;
			sourceTree = "<group>";
		};
/* End PBXVariantGroup section */

/* Begin XCBuildConfiguration section */
		0158A5D018C6105D00AB3ECF /* Debug */ = {
			isa = XCBuildConfiguration;
			buildSettings = {
				ALWAYS_SEARCH_USER_PATHS = NO;
				ARCHS = "$(ARCHS_STANDARD_INCLUDING_64_BIT)";
				CLANG_CXX_LANGUAGE_STANDARD = "gnu++0x";
				CLANG_CXX_LIBRARY = "libc++";
				CLANG_ENABLE_MODULES = YES;
				CLANG_ENABLE_OBJC_ARC = YES;
				CLANG_WARN_BOOL_CONVERSION = YES;
				CLANG_WARN_CONSTANT_CONVERSION = YES;
				CLANG_WARN_DIRECT_OBJC_ISA_USAGE = YES_ERROR;
				CLANG_WARN_EMPTY_BODY = YES;
				CLANG_WARN_ENUM_CONVERSION = YES;
				CLANG_WARN_INT_CONVERSION = YES;
				CLANG_WARN_OBJC_ROOT_CLASS = YES_ERROR;
				CLANG_WARN__DUPLICATE_METHOD_MATCH = YES;
				"CODE_SIGN_IDENTITY[sdk=iphoneos*]" = "iPhone Developer";
				COPY_PHASE_STRIP = NO;
				GCC_C_LANGUAGE_STANDARD = gnu99;
				GCC_DYNAMIC_NO_PIC = NO;
				GCC_OPTIMIZATION_LEVEL = 0;
				GCC_PREPROCESSOR_DEFINITIONS = (
					"DEBUG=1",
					"$(inherited)",
				);
				GCC_SYMBOLS_PRIVATE_EXTERN = NO;
				GCC_WARN_64_TO_32_BIT_CONVERSION = YES;
				GCC_WARN_ABOUT_RETURN_TYPE = YES_ERROR;
				GCC_WARN_UNDECLARED_SELECTOR = YES;
				GCC_WARN_UNINITIALIZED_AUTOS = YES;
				GCC_WARN_UNUSED_FUNCTION = YES;
				GCC_WARN_UNUSED_VARIABLE = YES;
				IPHONEOS_DEPLOYMENT_TARGET = 7.0;
				ONLY_ACTIVE_ARCH = YES;
				SDKROOT = iphoneos;
				TARGETED_DEVICE_FAMILY = "1,2";
			};
			name = Debug;
		};
		0158A5D118C6105D00AB3ECF /* Release */ = {
			isa = XCBuildConfiguration;
			buildSettings = {
				ALWAYS_SEARCH_USER_PATHS = NO;
				ARCHS = "$(ARCHS_STANDARD_INCLUDING_64_BIT)";
				CLANG_CXX_LANGUAGE_STANDARD = "gnu++0x";
				CLANG_CXX_LIBRARY = "libc++";
				CLANG_ENABLE_MODULES = YES;
				CLANG_ENABLE_OBJC_ARC = YES;
				CLANG_WARN_BOOL_CONVERSION = YES;
				CLANG_WARN_CONSTANT_CONVERSION = YES;
				CLANG_WARN_DIRECT_OBJC_ISA_USAGE = YES_ERROR;
				CLANG_WARN_EMPTY_BODY = YES;
				CLANG_WARN_ENUM_CONVERSION = YES;
				CLANG_WARN_INT_CONVERSION = YES;
				CLANG_WARN_OBJC_ROOT_CLASS = YES_ERROR;
				CLANG_WARN__DUPLICATE_METHOD_MATCH = YES;
				"CODE_SIGN_IDENTITY[sdk=iphoneos*]" = "iPhone Developer";
				COPY_PHASE_STRIP = YES;
				ENABLE_NS_ASSERTIONS = NO;
				GCC_C_LANGUAGE_STANDARD = gnu99;
				GCC_WARN_64_TO_32_BIT_CONVERSION = YES;
				GCC_WARN_ABOUT_RETURN_TYPE = YES_ERROR;
				GCC_WARN_UNDECLARED_SELECTOR = YES;
				GCC_WARN_UNINITIALIZED_AUTOS = YES;
				GCC_WARN_UNUSED_FUNCTION = YES;
				GCC_WARN_UNUSED_VARIABLE = YES;
				IPHONEOS_DEPLOYMENT_TARGET = 7.0;
				SDKROOT = iphoneos;
				TARGETED_DEVICE_FAMILY = "1,2";
				VALIDATE_PRODUCT = YES;
			};
			name = Release;
		};
		0158A5D318C6105D00AB3ECF /* Debug */ = {
			isa = XCBuildConfiguration;
			buildSettings = {
				ASSETCATALOG_COMPILER_APPICON_NAME = AppIcon;
				ASSETCATALOG_COMPILER_LAUNCHIMAGE_NAME = LaunchImage;
				GCC_PRECOMPILE_PREFIX_HEADER = YES;
				GCC_PREFIX_HEADER = "iTestMotion/iTestMotion-Prefix.pch";
				INFOPLIST_FILE = "iTestMotion/iTestMotion-Info.plist";
				PRODUCT_NAME = "$(TARGET_NAME)";
				WRAPPER_EXTENSION = app;
			};
			name = Debug;
		};
		0158A5D418C6105D00AB3ECF /* Release */ = {
			isa = XCBuildConfiguration;
			buildSettings = {
				ASSETCATALOG_COMPILER_APPICON_NAME = AppIcon;
				ASSETCATALOG_COMPILER_LAUNCHIMAGE_NAME = LaunchImage;
				GCC_PRECOMPILE_PREFIX_HEADER = YES;
				GCC_PREFIX_HEADER = "iTestMotion/iTestMotion-Prefix.pch";
				INFOPLIST_FILE = "iTestMotion/iTestMotion-Info.plist";
				PRODUCT_NAME = "$(TARGET_NAME)";
				WRAPPER_EXTENSION = app;
			};
			name = Release;
		};
		0158A5D618C6105D00AB3ECF /* Debug */ = {
			isa = XCBuildConfiguration;
			buildSettings = {
				ARCHS = "$(ARCHS_STANDARD_INCLUDING_64_BIT)";
				BUNDLE_LOADER = "$(BUILT_PRODUCTS_DIR)/iTestMotion.app/iTestMotion";
				FRAMEWORK_SEARCH_PATHS = (
					"$(SDKROOT)/Developer/Library/Frameworks",
					"$(inherited)",
					"$(DEVELOPER_FRAMEWORKS_DIR)",
				);
				GCC_PRECOMPILE_PREFIX_HEADER = YES;
				GCC_PREFIX_HEADER = "iTestMotion/iTestMotion-Prefix.pch";
				GCC_PREPROCESSOR_DEFINITIONS = (
					"DEBUG=1",
					"$(inherited)",
				);
				INFOPLIST_FILE = "iTestMotionTests/iTestMotionTests-Info.plist";
				PRODUCT_NAME = "$(TARGET_NAME)";
				TEST_HOST = "$(BUNDLE_LOADER)";
				WRAPPER_EXTENSION = xctest;
			};
			name = Debug;
		};
		0158A5D718C6105D00AB3ECF /* Release */ = {
			isa = XCBuildConfiguration;
			buildSettings = {
				ARCHS = "$(ARCHS_STANDARD_INCLUDING_64_BIT)";
				BUNDLE_LOADER = "$(BUILT_PRODUCTS_DIR)/iTestMotion.app/iTestMotion";
				FRAMEWORK_SEARCH_PATHS = (
					"$(SDKROOT)/Developer/Library/Frameworks",
					"$(inherited)",
					"$(DEVELOPER_FRAMEWORKS_DIR)",
				);
				GCC_PRECOMPILE_PREFIX_HEADER = YES;
				GCC_PREFIX_HEADER = "iTestMotion/iTestMotion-Prefix.pch";
				INFOPLIST_FILE = "iTestMotionTests/iTestMotionTests-Info.plist";
				PRODUCT_NAME = "$(TARGET_NAME)";
				TEST_HOST = "$(BUNDLE_LOADER)";
				WRAPPER_EXTENSION = xctest;
			};
			name = Release;
		};
/* End XCBuildConfiguration section */

/* Begin XCConfigurationList section */
		0158A5A118C6105C00AB3ECF /* Build configuration list for PBXProject "iTestMotion" */ = {
			isa = XCConfigurationList;
			buildConfigurations = (
				0158A5D018C6105D00AB3ECF /* Debug */,
				0158A5D118C6105D00AB3ECF /* Release */,
			);
			defaultConfigurationIsVisible = 0;
			defaultConfigurationName = Release;
		};
		0158A5D218C6105D00AB3ECF /* Build configuration list for PBXNativeTarget "iTestMotion" */ = {
			isa = XCConfigurationList;
			buildConfigurations = (
				0158A5D318C6105D00AB3ECF /* Debug */,
				0158A5D418C6105D00AB3ECF /* Release */,
			);
			defaultConfigurationIsVisible = 0;
		};
		0158A5D518C6105D00AB3ECF /* Build configuration list for PBXNativeTarget "iTestMotionTests" */ = {
			isa = XCConfigurationList;
			buildConfigurations = (
				0158A5D618C6105D00AB3ECF /* Debug */,
				0158A5D718C6105D00AB3ECF /* Release */,
			);
			defaultConfigurationIsVisible = 0;
		};
/* End XCConfigurationList section */
	};
	rootObject = 0158A59E18C6105C00AB3ECF /* Project object */;
}
